// !$*UTF8*$!
{
	archiveVersion = 1;
	classes = {
	};
	objectVersion = 46;
	objects = {

/* Begin PBXBuildFile section */
		0320524F18AF3AB8009BB045 /* DIVLoginViewController.m in Sources */ = {isa = PBXBuildFile; fileRef = 0320524E18AF3AB8009BB045 /* DIVLoginViewController.m */; };
		0320525218AF3E7A009BB045 /* DIVCameraViewController.m in Sources */ = {isa = PBXBuildFile; fileRef = 0320525118AF3E7A009BB045 /* DIVCameraViewController.m */; };
		036E811618AF05860041C37F /* Foundation.framework in Frameworks */ = {isa = PBXBuildFile; fileRef = 036E811518AF05860041C37F /* Foundation.framework */; };
		036E811818AF05860041C37F /* CoreGraphics.framework in Frameworks */ = {isa = PBXBuildFile; fileRef = 036E811718AF05860041C37F /* CoreGraphics.framework */; };
		036E811A18AF05860041C37F /* UIKit.framework in Frameworks */ = {isa = PBXBuildFile; fileRef = 036E811918AF05860041C37F /* UIKit.framework */; };
		036E812018AF05860041C37F /* InfoPlist.strings in Resources */ = {isa = PBXBuildFile; fileRef = 036E811E18AF05860041C37F /* InfoPlist.strings */; };
		036E812218AF05860041C37F /* main.m in Sources */ = {isa = PBXBuildFile; fileRef = 036E812118AF05860041C37F /* main.m */; };
		036E812618AF05860041C37F /* DIVAppDelegate.m in Sources */ = {isa = PBXBuildFile; fileRef = 036E812518AF05860041C37F /* DIVAppDelegate.m */; };
		036E812918AF05860041C37F /* Main.storyboard in Resources */ = {isa = PBXBuildFile; fileRef = 036E812718AF05860041C37F /* Main.storyboard */; };
		036E812E18AF05870041C37F /* Images.xcassets in Resources */ = {isa = PBXBuildFile; fileRef = 036E812D18AF05870041C37F /* Images.xcassets */; };
		036E813518AF05870041C37F /* XCTest.framework in Frameworks */ = {isa = PBXBuildFile; fileRef = 036E813418AF05870041C37F /* XCTest.framework */; };
		036E813618AF05870041C37F /* Foundation.framework in Frameworks */ = {isa = PBXBuildFile; fileRef = 036E811518AF05860041C37F /* Foundation.framework */; };
		036E813718AF05870041C37F /* UIKit.framework in Frameworks */ = {isa = PBXBuildFile; fileRef = 036E811918AF05860041C37F /* UIKit.framework */; };
		036E813F18AF05870041C37F /* InfoPlist.strings in Resources */ = {isa = PBXBuildFile; fileRef = 036E813D18AF05870041C37F /* InfoPlist.strings */; };
		036E814118AF05870041C37F /* DivvlyTests.m in Sources */ = {isa = PBXBuildFile; fileRef = 036E814018AF05870041C37F /* DivvlyTests.m */; };
		036E814C18AF05930041C37F /* DIVVenmoIntegration.m in Sources */ = {isa = PBXBuildFile; fileRef = 036E814B18AF05930041C37F /* DIVVenmoIntegration.m */; };
		03C94E9518AF57C3007AFC0E /* ImageIO.framework in Frameworks */ = {isa = PBXBuildFile; fileRef = 03C94E9418AF57C3007AFC0E /* ImageIO.framework */; };
		588E2BCE18AF5E8E00108480 /* SDWebImage.framework in Frameworks */ = {isa = PBXBuildFile; fileRef = 03C94E9218AF5799007AFC0E /* SDWebImage.framework */; };
		588E2D4018AF60F800108480 /* Tesseract.mm in Sources */ = {isa = PBXBuildFile; fileRef = 588E2C9C18AF60F800108480 /* Tesseract.mm */; };
		588E2D4118AF60F800108480 /* LICENSE in Resources */ = {isa = PBXBuildFile; fileRef = 588E2C9D18AF60F800108480 /* LICENSE */; };
		588E2D4218AF60F800108480 /* README.md in Resources */ = {isa = PBXBuildFile; fileRef = 588E2C9E18AF60F800108480 /* README.md */; };
		588E2D4318AF60F800108480 /* .gitignore in Resources */ = {isa = PBXBuildFile; fileRef = 588E2CA018AF60F800108480 /* .gitignore */; };
		588E2D4418AF60F800108480 /* liblept.a in Frameworks */ = {isa = PBXBuildFile; fileRef = 588E2D3418AF60F800108480 /* liblept.a */; };
		588E2D4518AF60F800108480 /* libtesseract_all.a in Frameworks */ = {isa = PBXBuildFile; fileRef = 588E2D3518AF60F800108480 /* libtesseract_all.a */; };
		588E2D4618AF60F800108480 /* README.md in Resources */ = {isa = PBXBuildFile; fileRef = 588E2D3618AF60F800108480 /* README.md */; };
		588E2D5B18AF624C00108480 /* tessdata in Resources */ = {isa = PBXBuildFile; fileRef = 588E2D5A18AF624C00108480 /* tessdata */; };
		588E2D5D18AF641E00108480 /* image_sample.jpg in Resources */ = {isa = PBXBuildFile; fileRef = 588E2D5C18AF641E00108480 /* image_sample.jpg */; };
		588E2D6118AF64DF00108480 /* button.png in Resources */ = {isa = PBXBuildFile; fileRef = 588E2D5E18AF64DF00108480 /* button.png */; };
		588E2D6218AF64DF00108480 /* login.html in Resources */ = {isa = PBXBuildFile; fileRef = 588E2D5F18AF64DF00108480 /* login.html */; };
		588E2D6318AF64DF00108480 /* login.jpg in Resources */ = {isa = PBXBuildFile; fileRef = 588E2D6018AF64DF00108480 /* login.jpg */; };
		588E2D6618AF696F00108480 /* AVFoundation.framework in Frameworks */ = {isa = PBXBuildFile; fileRef = 588E2D6518AF696F00108480 /* AVFoundation.framework */; };
/* End PBXBuildFile section */

/* Begin PBXContainerItemProxy section */
		036E813818AF05870041C37F /* PBXContainerItemProxy */ = {
			isa = PBXContainerItemProxy;
			containerPortal = 036E810A18AF05860041C37F /* Project object */;
			proxyType = 1;
			remoteGlobalIDString = 036E811118AF05860041C37F;
			remoteInfo = Divvly;
		};
/* End PBXContainerItemProxy section */

/* Begin PBXFileReference section */
		0320524D18AF3AB8009BB045 /* DIVLoginViewController.h */ = {isa = PBXFileReference; fileEncoding = 4; lastKnownFileType = sourcecode.c.h; path = DIVLoginViewController.h; sourceTree = "<group>"; };
		0320524E18AF3AB8009BB045 /* DIVLoginViewController.m */ = {isa = PBXFileReference; fileEncoding = 4; lastKnownFileType = sourcecode.c.objc; path = DIVLoginViewController.m; sourceTree = "<group>"; };
		0320525018AF3E7A009BB045 /* DIVCameraViewController.h */ = {isa = PBXFileReference; fileEncoding = 4; lastKnownFileType = sourcecode.c.h; path = DIVCameraViewController.h; sourceTree = "<group>"; };
		0320525118AF3E7A009BB045 /* DIVCameraViewController.m */ = {isa = PBXFileReference; fileEncoding = 4; lastKnownFileType = sourcecode.c.objc; path = DIVCameraViewController.m; sourceTree = "<group>"; };
		036E811218AF05860041C37F /* Divvly.app */ = {isa = PBXFileReference; explicitFileType = wrapper.application; includeInIndex = 0; path = Divvly.app; sourceTree = BUILT_PRODUCTS_DIR; };
		036E811518AF05860041C37F /* Foundation.framework */ = {isa = PBXFileReference; lastKnownFileType = wrapper.framework; name = Foundation.framework; path = System/Library/Frameworks/Foundation.framework; sourceTree = SDKROOT; };
		036E811718AF05860041C37F /* CoreGraphics.framework */ = {isa = PBXFileReference; lastKnownFileType = wrapper.framework; name = CoreGraphics.framework; path = System/Library/Frameworks/CoreGraphics.framework; sourceTree = SDKROOT; };
		036E811918AF05860041C37F /* UIKit.framework */ = {isa = PBXFileReference; lastKnownFileType = wrapper.framework; name = UIKit.framework; path = System/Library/Frameworks/UIKit.framework; sourceTree = SDKROOT; };
		036E811D18AF05860041C37F /* Divvly-Info.plist */ = {isa = PBXFileReference; lastKnownFileType = text.plist.xml; path = "Divvly-Info.plist"; sourceTree = "<group>"; };
		036E811F18AF05860041C37F /* en */ = {isa = PBXFileReference; lastKnownFileType = text.plist.strings; name = en; path = en.lproj/InfoPlist.strings; sourceTree = "<group>"; };
		036E812118AF05860041C37F /* main.m */ = {isa = PBXFileReference; lastKnownFileType = sourcecode.c.objc; path = main.m; sourceTree = "<group>"; };
		036E812318AF05860041C37F /* Divvly-Prefix.pch */ = {isa = PBXFileReference; lastKnownFileType = sourcecode.c.h; path = "Divvly-Prefix.pch"; sourceTree = "<group>"; };
		036E812418AF05860041C37F /* DIVAppDelegate.h */ = {isa = PBXFileReference; lastKnownFileType = sourcecode.c.h; path = DIVAppDelegate.h; sourceTree = "<group>"; };
		036E812518AF05860041C37F /* DIVAppDelegate.m */ = {isa = PBXFileReference; lastKnownFileType = sourcecode.c.objc; path = DIVAppDelegate.m; sourceTree = "<group>"; };
		036E812818AF05860041C37F /* Base */ = {isa = PBXFileReference; lastKnownFileType = file.storyboard; name = Base; path = Base.lproj/Main.storyboard; sourceTree = "<group>"; };
		036E812D18AF05870041C37F /* Images.xcassets */ = {isa = PBXFileReference; lastKnownFileType = folder.assetcatalog; path = Images.xcassets; sourceTree = "<group>"; };
		036E813318AF05870041C37F /* DivvlyTests.xctest */ = {isa = PBXFileReference; explicitFileType = wrapper.cfbundle; includeInIndex = 0; path = DivvlyTests.xctest; sourceTree = BUILT_PRODUCTS_DIR; };
		036E813418AF05870041C37F /* XCTest.framework */ = {isa = PBXFileReference; lastKnownFileType = wrapper.framework; name = XCTest.framework; path = Library/Frameworks/XCTest.framework; sourceTree = DEVELOPER_DIR; };
		036E813C18AF05870041C37F /* DivvlyTests-Info.plist */ = {isa = PBXFileReference; lastKnownFileType = text.plist.xml; path = "DivvlyTests-Info.plist"; sourceTree = "<group>"; };
		036E813E18AF05870041C37F /* en */ = {isa = PBXFileReference; lastKnownFileType = text.plist.strings; name = en; path = en.lproj/InfoPlist.strings; sourceTree = "<group>"; };
		036E814018AF05870041C37F /* DivvlyTests.m */ = {isa = PBXFileReference; lastKnownFileType = sourcecode.c.objc; path = DivvlyTests.m; sourceTree = "<group>"; };
		036E814A18AF05930041C37F /* DIVVenmoIntegration.h */ = {isa = PBXFileReference; fileEncoding = 4; lastKnownFileType = sourcecode.c.h; name = DIVVenmoIntegration.h; path = ../DIVVenmoIntegration.h; sourceTree = "<group>"; };
		036E814B18AF05930041C37F /* DIVVenmoIntegration.m */ = {isa = PBXFileReference; fileEncoding = 4; lastKnownFileType = sourcecode.c.objc; name = DIVVenmoIntegration.m; path = ../DIVVenmoIntegration.m; sourceTree = "<group>"; };
		03C94E9218AF5799007AFC0E /* SDWebImage.framework */ = {isa = PBXFileReference; lastKnownFileType = wrapper.framework; path = SDWebImage.framework; sourceTree = "<group>"; };
		03C94E9418AF57C3007AFC0E /* ImageIO.framework */ = {isa = PBXFileReference; lastKnownFileType = wrapper.framework; name = ImageIO.framework; path = System/Library/Frameworks/ImageIO.framework; sourceTree = SDKROOT; };
		588E2C9B18AF60F800108480 /* Tesseract.h */ = {isa = PBXFileReference; fileEncoding = 4; lastKnownFileType = sourcecode.c.h; path = Tesseract.h; sourceTree = "<group>"; };
		588E2C9C18AF60F800108480 /* Tesseract.mm */ = {isa = PBXFileReference; fileEncoding = 4; lastKnownFileType = sourcecode.cpp.objcpp; path = Tesseract.mm; sourceTree = "<group>"; };
		588E2C9D18AF60F800108480 /* LICENSE */ = {isa = PBXFileReference; fileEncoding = 4; lastKnownFileType = text; path = LICENSE; sourceTree = "<group>"; };
		588E2C9E18AF60F800108480 /* README.md */ = {isa = PBXFileReference; fileEncoding = 4; lastKnownFileType = text; path = README.md; sourceTree = "<group>"; };
		588E2CA018AF60F800108480 /* .gitignore */ = {isa = PBXFileReference; fileEncoding = 4; lastKnownFileType = text; path = .gitignore; sourceTree = "<group>"; };
		588E2CA318AF60F800108480 /* allheaders.h */ = {isa = PBXFileReference; fileEncoding = 4; lastKnownFileType = sourcecode.c.h; path = allheaders.h; sourceTree = "<group>"; };
		588E2CA418AF60F800108480 /* alltypes.h */ = {isa = PBXFileReference; fileEncoding = 4; lastKnownFileType = sourcecode.c.h; path = alltypes.h; sourceTree = "<group>"; };
		588E2CA518AF60F800108480 /* array.h */ = {isa = PBXFileReference; fileEncoding = 4; lastKnownFileType = sourcecode.c.h; path = array.h; sourceTree = "<group>"; };
		588E2CA618AF60F800108480 /* arrayaccess.h */ = {isa = PBXFileReference; fileEncoding = 4; lastKnownFileType = sourcecode.c.h; path = arrayaccess.h; sourceTree = "<group>"; };
		588E2CA718AF60F800108480 /* bbuffer.h */ = {isa = PBXFileReference; fileEncoding = 4; lastKnownFileType = sourcecode.c.h; path = bbuffer.h; sourceTree = "<group>"; };
		588E2CA818AF60F800108480 /* bmf.h */ = {isa = PBXFileReference; fileEncoding = 4; lastKnownFileType = sourcecode.c.h; path = bmf.h; sourceTree = "<group>"; };
		588E2CA918AF60F800108480 /* bmp.h */ = {isa = PBXFileReference; fileEncoding = 4; lastKnownFileType = sourcecode.c.h; path = bmp.h; sourceTree = "<group>"; };
		588E2CAA18AF60F800108480 /* ccbord.h */ = {isa = PBXFileReference; fileEncoding = 4; lastKnownFileType = sourcecode.c.h; path = ccbord.h; sourceTree = "<group>"; };
		588E2CAB18AF60F800108480 /* dewarp.h */ = {isa = PBXFileReference; fileEncoding = 4; lastKnownFileType = sourcecode.c.h; path = dewarp.h; sourceTree = "<group>"; };
		588E2CAC18AF60F800108480 /* endianness.h */ = {isa = PBXFileReference; fileEncoding = 4; lastKnownFileType = sourcecode.c.h; path = endianness.h; sourceTree = "<group>"; };
		588E2CAD18AF60F800108480 /* environ.h */ = {isa = PBXFileReference; fileEncoding = 4; lastKnownFileType = sourcecode.c.h; path = environ.h; sourceTree = "<group>"; };
		588E2CAE18AF60F800108480 /* freetype.h */ = {isa = PBXFileReference; fileEncoding = 4; lastKnownFileType = sourcecode.c.h; path = freetype.h; sourceTree = "<group>"; };
		588E2CAF18AF60F800108480 /* gplot.h */ = {isa = PBXFileReference; fileEncoding = 4; lastKnownFileType = sourcecode.c.h; path = gplot.h; sourceTree = "<group>"; };
		588E2CB018AF60F800108480 /* heap.h */ = {isa = PBXFileReference; fileEncoding = 4; lastKnownFileType = sourcecode.c.h; path = heap.h; sourceTree = "<group>"; };
		588E2CB118AF60F800108480 /* imageio.h */ = {isa = PBXFileReference; fileEncoding = 4; lastKnownFileType = sourcecode.c.h; path = imageio.h; sourceTree = "<group>"; };
		588E2CB218AF60F800108480 /* jbclass.h */ = {isa = PBXFileReference; fileEncoding = 4; lastKnownFileType = sourcecode.c.h; path = jbclass.h; sourceTree = "<group>"; };
		588E2CB318AF60F800108480 /* leptwin.h */ = {isa = PBXFileReference; fileEncoding = 4; lastKnownFileType = sourcecode.c.h; path = leptwin.h; sourceTree = "<group>"; };
		588E2CB418AF60F800108480 /* list.h */ = {isa = PBXFileReference; fileEncoding = 4; lastKnownFileType = sourcecode.c.h; path = list.h; sourceTree = "<group>"; };
		588E2CB518AF60F800108480 /* morph.h */ = {isa = PBXFileReference; fileEncoding = 4; lastKnownFileType = sourcecode.c.h; path = morph.h; sourceTree = "<group>"; };
		588E2CB618AF60F800108480 /* pix.h */ = {isa = PBXFileReference; fileEncoding = 4; lastKnownFileType = sourcecode.c.h; path = pix.h; sourceTree = "<group>"; };
		588E2CB718AF60F800108480 /* ptra.h */ = {isa = PBXFileReference; fileEncoding = 4; lastKnownFileType = sourcecode.c.h; path = ptra.h; sourceTree = "<group>"; };
		588E2CB818AF60F800108480 /* queue.h */ = {isa = PBXFileReference; fileEncoding = 4; lastKnownFileType = sourcecode.c.h; path = queue.h; sourceTree = "<group>"; };
		588E2CB918AF60F800108480 /* readbarcode.h */ = {isa = PBXFileReference; fileEncoding = 4; lastKnownFileType = sourcecode.c.h; path = readbarcode.h; sourceTree = "<group>"; };
		588E2CBA18AF60F800108480 /* regutils.h */ = {isa = PBXFileReference; fileEncoding = 4; lastKnownFileType = sourcecode.c.h; path = regutils.h; sourceTree = "<group>"; };
		588E2CBB18AF60F800108480 /* stack.h */ = {isa = PBXFileReference; fileEncoding = 4; lastKnownFileType = sourcecode.c.h; path = stack.h; sourceTree = "<group>"; };
		588E2CBC18AF60F800108480 /* sudoku.h */ = {isa = PBXFileReference; fileEncoding = 4; lastKnownFileType = sourcecode.c.h; path = sudoku.h; sourceTree = "<group>"; };
		588E2CBD18AF60F800108480 /* watershed.h */ = {isa = PBXFileReference; fileEncoding = 4; lastKnownFileType = sourcecode.c.h; path = watershed.h; sourceTree = "<group>"; };
		588E2CBF18AF60F800108480 /* ambigs.h */ = {isa = PBXFileReference; fileEncoding = 4; lastKnownFileType = sourcecode.c.h; path = ambigs.h; sourceTree = "<group>"; };
		588E2CC018AF60F800108480 /* apitypes.h */ = {isa = PBXFileReference; fileEncoding = 4; lastKnownFileType = sourcecode.c.h; path = apitypes.h; sourceTree = "<group>"; };
		588E2CC118AF60F800108480 /* baseapi.h */ = {isa = PBXFileReference; fileEncoding = 4; lastKnownFileType = sourcecode.c.h; path = baseapi.h; sourceTree = "<group>"; };
		588E2CC218AF60F800108480 /* basedir.h */ = {isa = PBXFileReference; fileEncoding = 4; lastKnownFileType = sourcecode.c.h; path = basedir.h; sourceTree = "<group>"; };
		588E2CC318AF60F800108480 /* bits16.h */ = {isa = PBXFileReference; fileEncoding = 4; lastKnownFileType = sourcecode.c.h; path = bits16.h; sourceTree = "<group>"; };
		588E2CC418AF60F800108480 /* bitvector.h */ = {isa = PBXFileReference; fileEncoding = 4; lastKnownFileType = sourcecode.c.h; path = bitvector.h; sourceTree = "<group>"; };
		588E2CC518AF60F800108480 /* blckerr.h */ = {isa = PBXFileReference; fileEncoding = 4; lastKnownFileType = sourcecode.c.h; path = blckerr.h; sourceTree = "<group>"; };
		588E2CC618AF60F800108480 /* blobbox.h */ = {isa = PBXFileReference; fileEncoding = 4; lastKnownFileType = sourcecode.c.h; path = blobbox.h; sourceTree = "<group>"; };
		588E2CC718AF60F800108480 /* blobs.h */ = {isa = PBXFileReference; fileEncoding = 4; lastKnownFileType = sourcecode.c.h; path = blobs.h; sourceTree = "<group>"; };
		588E2CC818AF60F800108480 /* blread.h */ = {isa = PBXFileReference; fileEncoding = 4; lastKnownFileType = sourcecode.c.h; path = blread.h; sourceTree = "<group>"; };
		588E2CC918AF60F800108480 /* boxread.h */ = {isa = PBXFileReference; fileEncoding = 4; lastKnownFileType = sourcecode.c.h; path = boxread.h; sourceTree = "<group>"; };
		588E2CCA18AF60F800108480 /* boxword.h */ = {isa = PBXFileReference; fileEncoding = 4; lastKnownFileType = sourcecode.c.h; path = boxword.h; sourceTree = "<group>"; };
		588E2CCB18AF60F800108480 /* capi.h */ = {isa = PBXFileReference; fileEncoding = 4; lastKnownFileType = sourcecode.c.h; path = capi.h; sourceTree = "<group>"; };
		588E2CCC18AF60F800108480 /* ccstruct.h */ = {isa = PBXFileReference; fileEncoding = 4; lastKnownFileType = sourcecode.c.h; path = ccstruct.h; sourceTree = "<group>"; };
		588E2CCD18AF60F800108480 /* ccutil.h */ = {isa = PBXFileReference; fileEncoding = 4; lastKnownFileType = sourcecode.c.h; path = ccutil.h; sourceTree = "<group>"; };
		588E2CCE18AF60F800108480 /* clst.h */ = {isa = PBXFileReference; fileEncoding = 4; lastKnownFileType = sourcecode.c.h; path = clst.h; sourceTree = "<group>"; };
		588E2CCF18AF60F800108480 /* control.h */ = {isa = PBXFileReference; fileEncoding = 4; lastKnownFileType = sourcecode.c.h; path = control.h; sourceTree = "<group>"; };
		588E2CD018AF60F800108480 /* coutln.h */ = {isa = PBXFileReference; fileEncoding = 4; lastKnownFileType = sourcecode.c.h; path = coutln.h; sourceTree = "<group>"; };
		588E2CD118AF60F800108480 /* crakedge.h */ = {isa = PBXFileReference; fileEncoding = 4; lastKnownFileType = sourcecode.c.h; path = crakedge.h; sourceTree = "<group>"; };
		588E2CD218AF60F800108480 /* cube_reco_context.h */ = {isa = PBXFileReference; fileEncoding = 4; lastKnownFileType = sourcecode.c.h; path = cube_reco_context.h; sourceTree = "<group>"; };
		588E2CD318AF60F800108480 /* cubeclassifier.h */ = {isa = PBXFileReference; fileEncoding = 4; lastKnownFileType = sourcecode.c.h; path = cubeclassifier.h; sourceTree = "<group>"; };
		588E2CD418AF60F800108480 /* detlinefit.h */ = {isa = PBXFileReference; fileEncoding = 4; lastKnownFileType = sourcecode.c.h; path = detlinefit.h; sourceTree = "<group>"; };
		588E2CD518AF60F800108480 /* docqual.h */ = {isa = PBXFileReference; fileEncoding = 4; lastKnownFileType = sourcecode.c.h; path = docqual.h; sourceTree = "<group>"; };
		588E2CD618AF60F800108480 /* dppoint.h */ = {isa = PBXFileReference; fileEncoding = 4; lastKnownFileType = sourcecode.c.h; path = dppoint.h; sourceTree = "<group>"; };
		588E2CD718AF60F800108480 /* elst.h */ = {isa = PBXFileReference; fileEncoding = 4; lastKnownFileType = sourcecode.c.h; path = elst.h; sourceTree = "<group>"; };
		588E2CD818AF60F800108480 /* elst2.h */ = {isa = PBXFileReference; fileEncoding = 4; lastKnownFileType = sourcecode.c.h; path = elst2.h; sourceTree = "<group>"; };
		588E2CD918AF60F800108480 /* equationdetect.h */ = {isa = PBXFileReference; fileEncoding = 4; lastKnownFileType = sourcecode.c.h; path = equationdetect.h; sourceTree = "<group>"; };
		588E2CDA18AF60F800108480 /* errcode.h */ = {isa = PBXFileReference; fileEncoding = 4; lastKnownFileType = sourcecode.c.h; path = errcode.h; sourceTree = "<group>"; };
		588E2CDB18AF60F800108480 /* fileerr.h */ = {isa = PBXFileReference; fileEncoding = 4; lastKnownFileType = sourcecode.c.h; path = fileerr.h; sourceTree = "<group>"; };
		588E2CDC18AF60F800108480 /* fixspace.h */ = {isa = PBXFileReference; fileEncoding = 4; lastKnownFileType = sourcecode.c.h; path = fixspace.h; sourceTree = "<group>"; };
		588E2CDD18AF60F800108480 /* fontinfo.h */ = {isa = PBXFileReference; fileEncoding = 4; lastKnownFileType = sourcecode.c.h; path = fontinfo.h; sourceTree = "<group>"; };
		588E2CDE18AF60F800108480 /* genblob.h */ = {isa = PBXFileReference; fileEncoding = 4; lastKnownFileType = sourcecode.c.h; path = genblob.h; sourceTree = "<group>"; };
		588E2CDF18AF60F800108480 /* genericvector.h */ = {isa = PBXFileReference; fileEncoding = 4; lastKnownFileType = sourcecode.c.h; path = genericvector.h; sourceTree = "<group>"; };
		588E2CE018AF60F800108480 /* globaloc.h */ = {isa = PBXFileReference; fileEncoding = 4; lastKnownFileType = sourcecode.c.h; path = globaloc.h; sourceTree = "<group>"; };
		588E2CE118AF60F800108480 /* hashfn.h */ = {isa = PBXFileReference; fileEncoding = 4; lastKnownFileType = sourcecode.c.h; path = hashfn.h; sourceTree = "<group>"; };
		588E2CE218AF60F800108480 /* helpers.h */ = {isa = PBXFileReference; fileEncoding = 4; lastKnownFileType = sourcecode.c.h; path = helpers.h; sourceTree = "<group>"; };
		588E2CE318AF60F800108480 /* host.h */ = {isa = PBXFileReference; fileEncoding = 4; lastKnownFileType = sourcecode.c.h; path = host.h; sourceTree = "<group>"; };
		588E2CE418AF60F800108480 /* hosthplb.h */ = {isa = PBXFileReference; fileEncoding = 4; lastKnownFileType = sourcecode.c.h; path = hosthplb.h; sourceTree = "<group>"; };
		588E2CE518AF60F800108480 /* hpddef.h */ = {isa = PBXFileReference; fileEncoding = 4; lastKnownFileType = sourcecode.c.h; path = hpddef.h; sourceTree = "<group>"; };
		588E2CE618AF60F800108480 /* hpdsizes.h */ = {isa = PBXFileReference; fileEncoding = 4; lastKnownFileType = sourcecode.c.h; path = hpdsizes.h; sourceTree = "<group>"; };
		588E2CE718AF60F800108480 /* imgscale.h */ = {isa = PBXFileReference; fileEncoding = 4; lastKnownFileType = sourcecode.c.h; path = imgscale.h; sourceTree = "<group>"; };
		588E2CE818AF60F800108480 /* indexmapbidi.h */ = {isa = PBXFileReference; fileEncoding = 4; lastKnownFileType = sourcecode.c.h; path = indexmapbidi.h; sourceTree = "<group>"; };
		588E2CE918AF60F800108480 /* ipoints.h */ = {isa = PBXFileReference; fileEncoding = 4; lastKnownFileType = sourcecode.c.h; path = ipoints.h; sourceTree = "<group>"; };
		588E2CEA18AF60F800108480 /* linlsq.h */ = {isa = PBXFileReference; fileEncoding = 4; lastKnownFileType = sourcecode.c.h; path = linlsq.h; sourceTree = "<group>"; };
		588E2CEB18AF60F800108480 /* lsterr.h */ = {isa = PBXFileReference; fileEncoding = 4; lastKnownFileType = sourcecode.c.h; path = lsterr.h; sourceTree = "<group>"; };
		588E2CEC18AF60F800108480 /* ltrresultiterator.h */ = {isa = PBXFileReference; fileEncoding = 4; lastKnownFileType = sourcecode.c.h; path = ltrresultiterator.h; sourceTree = "<group>"; };
		588E2CED18AF60F800108480 /* matrix.h */ = {isa = PBXFileReference; fileEncoding = 4; lastKnownFileType = sourcecode.c.h; path = matrix.h; sourceTree = "<group>"; };
		588E2CEE18AF60F800108480 /* memry.h */ = {isa = PBXFileReference; fileEncoding = 4; lastKnownFileType = sourcecode.c.h; path = memry.h; sourceTree = "<group>"; };
		588E2CEF18AF60F800108480 /* mfcpch.h */ = {isa = PBXFileReference; fileEncoding = 4; lastKnownFileType = sourcecode.c.h; path = mfcpch.h; sourceTree = "<group>"; };
		588E2CF018AF60F800108480 /* mod128.h */ = {isa = PBXFileReference; fileEncoding = 4; lastKnownFileType = sourcecode.c.h; path = mod128.h; sourceTree = "<group>"; };
		588E2CF118AF60F800108480 /* mutableiterator.h */ = {isa = PBXFileReference; fileEncoding = 4; lastKnownFileType = sourcecode.c.h; path = mutableiterator.h; sourceTree = "<group>"; };
		588E2CF218AF60F800108480 /* ndminx.h */ = {isa = PBXFileReference; fileEncoding = 4; lastKnownFileType = sourcecode.c.h; path = ndminx.h; sourceTree = "<group>"; };
		588E2CF318AF60F800108480 /* normalis.h */ = {isa = PBXFileReference; fileEncoding = 4; lastKnownFileType = sourcecode.c.h; path = normalis.h; sourceTree = "<group>"; };
		588E2CF418AF60F800108480 /* notdll.h */ = {isa = PBXFileReference; fileEncoding = 4; lastKnownFileType = sourcecode.c.h; path = notdll.h; sourceTree = "<group>"; };
		588E2CF518AF60F800108480 /* nwmain.h */ = {isa = PBXFileReference; fileEncoding = 4; lastKnownFileType = sourcecode.c.h; path = nwmain.h; sourceTree = "<group>"; };
		588E2CF618AF60F800108480 /* ocrblock.h */ = {isa = PBXFileReference; fileEncoding = 4; lastKnownFileType = sourcecode.c.h; path = ocrblock.h; sourceTree = "<group>"; };
		588E2CF718AF60F800108480 /* ocrclass.h */ = {isa = PBXFileReference; fileEncoding = 4; lastKnownFileType = sourcecode.c.h; path = ocrclass.h; sourceTree = "<group>"; };
		588E2CF818AF60F800108480 /* ocrpara.h */ = {isa = PBXFileReference; fileEncoding = 4; lastKnownFileType = sourcecode.c.h; path = ocrpara.h; sourceTree = "<group>"; };
		588E2CF918AF60F800108480 /* ocrrow.h */ = {isa = PBXFileReference; fileEncoding = 4; lastKnownFileType = sourcecode.c.h; path = ocrrow.h; sourceTree = "<group>"; };
		588E2CFA18AF60F800108480 /* osdetect.h */ = {isa = PBXFileReference; fileEncoding = 4; lastKnownFileType = sourcecode.c.h; path = osdetect.h; sourceTree = "<group>"; };
		588E2CFB18AF60F800108480 /* otsuthr.h */ = {isa = PBXFileReference; fileEncoding = 4; lastKnownFileType = sourcecode.c.h; path = otsuthr.h; sourceTree = "<group>"; };
		588E2CFC18AF60F800108480 /* output.h */ = {isa = PBXFileReference; fileEncoding = 4; lastKnownFileType = sourcecode.c.h; path = output.h; sourceTree = "<group>"; };
		588E2CFD18AF60F800108480 /* pageiterator.h */ = {isa = PBXFileReference; fileEncoding = 4; lastKnownFileType = sourcecode.c.h; path = pageiterator.h; sourceTree = "<group>"; };
		588E2CFE18AF60F800108480 /* pageres.h */ = {isa = PBXFileReference; fileEncoding = 4; lastKnownFileType = sourcecode.c.h; path = pageres.h; sourceTree = "<group>"; };
		588E2CFF18AF60F800108480 /* paragraphs.h */ = {isa = PBXFileReference; fileEncoding = 4; lastKnownFileType = sourcecode.c.h; path = paragraphs.h; sourceTree = "<group>"; };
		588E2D0018AF60F800108480 /* paragraphs_internal.h */ = {isa = PBXFileReference; fileEncoding = 4; lastKnownFileType = sourcecode.c.h; path = paragraphs_internal.h; sourceTree = "<group>"; };
		588E2D0118AF60F800108480 /* params.h */ = {isa = PBXFileReference; fileEncoding = 4; lastKnownFileType = sourcecode.c.h; path = params.h; sourceTree = "<group>"; };
		588E2D0218AF60F800108480 /* params_training_featdef.h */ = {isa = PBXFileReference; fileEncoding = 4; lastKnownFileType = sourcecode.c.h; path = params_training_featdef.h; sourceTree = "<group>"; };
		588E2D0318AF60F800108480 /* paramsd.h */ = {isa = PBXFileReference; fileEncoding = 4; lastKnownFileType = sourcecode.c.h; path = paramsd.h; sourceTree = "<group>"; };
		588E2D0418AF60F800108480 /* pdblock.h */ = {isa = PBXFileReference; fileEncoding = 4; lastKnownFileType = sourcecode.c.h; path = pdblock.h; sourceTree = "<group>"; };
		588E2D0518AF60F800108480 /* pgedit.h */ = {isa = PBXFileReference; fileEncoding = 4; lastKnownFileType = sourcecode.c.h; path = pgedit.h; sourceTree = "<group>"; };
		588E2D0618AF60F800108480 /* platform.h */ = {isa = PBXFileReference; fileEncoding = 4; lastKnownFileType = sourcecode.c.h; path = platform.h; sourceTree = "<group>"; };
		588E2D0718AF60F800108480 /* points.h */ = {isa = PBXFileReference; fileEncoding = 4; lastKnownFileType = sourcecode.c.h; path = points.h; sourceTree = "<group>"; };
		588E2D0818AF60F800108480 /* polyaprx.h */ = {isa = PBXFileReference; fileEncoding = 4; lastKnownFileType = sourcecode.c.h; path = polyaprx.h; sourceTree = "<group>"; };
		588E2D0918AF60F800108480 /* polyblk.h */ = {isa = PBXFileReference; fileEncoding = 4; lastKnownFileType = sourcecode.c.h; path = polyblk.h; sourceTree = "<group>"; };
		588E2D0A18AF60F800108480 /* publictypes.h */ = {isa = PBXFileReference; fileEncoding = 4; lastKnownFileType = sourcecode.c.h; path = publictypes.h; sourceTree = "<group>"; };
		588E2D0B18AF60F800108480 /* qrsequence.h */ = {isa = PBXFileReference; fileEncoding = 4; lastKnownFileType = sourcecode.c.h; path = qrsequence.h; sourceTree = "<group>"; };
		588E2D0C18AF60F800108480 /* quadlsq.h */ = {isa = PBXFileReference; fileEncoding = 4; lastKnownFileType = sourcecode.c.h; path = quadlsq.h; sourceTree = "<group>"; };
		588E2D0D18AF60F800108480 /* quadratc.h */ = {isa = PBXFileReference; fileEncoding = 4; lastKnownFileType = sourcecode.c.h; path = quadratc.h; sourceTree = "<group>"; };
		588E2D0E18AF60F800108480 /* quspline.h */ = {isa = PBXFileReference; fileEncoding = 4; lastKnownFileType = sourcecode.c.h; path = quspline.h; sourceTree = "<group>"; };
		588E2D0F18AF60F800108480 /* ratngs.h */ = {isa = PBXFileReference; fileEncoding = 4; lastKnownFileType = sourcecode.c.h; path = ratngs.h; sourceTree = "<group>"; };
		588E2D1018AF60F800108480 /* rect.h */ = {isa = PBXFileReference; fileEncoding = 4; lastKnownFileType = sourcecode.c.h; path = rect.h; sourceTree = "<group>"; };
		588E2D1118AF60F800108480 /* rejctmap.h */ = {isa = PBXFileReference; fileEncoding = 4; lastKnownFileType = sourcecode.c.h; path = rejctmap.h; sourceTree = "<group>"; };
		588E2D1218AF60F800108480 /* reject.h */ = {isa = PBXFileReference; fileEncoding = 4; lastKnownFileType = sourcecode.c.h; path = reject.h; sourceTree = "<group>"; };
		588E2D1318AF60F800108480 /* resultiterator.h */ = {isa = PBXFileReference; fileEncoding = 4; lastKnownFileType = sourcecode.c.h; path = resultiterator.h; sourceTree = "<group>"; };
		588E2D1418AF60F800108480 /* scaleimg.h */ = {isa = PBXFileReference; fileEncoding = 4; lastKnownFileType = sourcecode.c.h; path = scaleimg.h; sourceTree = "<group>"; };
		588E2D1518AF60F800108480 /* scanutils.h */ = {isa = PBXFileReference; fileEncoding = 4; lastKnownFileType = sourcecode.c.h; path = scanutils.h; sourceTree = "<group>"; };
		588E2D1618AF60F800108480 /* seam.h */ = {isa = PBXFileReference; fileEncoding = 4; lastKnownFileType = sourcecode.c.h; path = seam.h; sourceTree = "<group>"; };
		588E2D1718AF60F800108480 /* secname.h */ = {isa = PBXFileReference; fileEncoding = 4; lastKnownFileType = sourcecode.c.h; path = secname.h; sourceTree = "<group>"; };
		588E2D1818AF60F800108480 /* serialis.h */ = {isa = PBXFileReference; fileEncoding = 4; lastKnownFileType = sourcecode.c.h; path = serialis.h; sourceTree = "<group>"; };
		588E2D1918AF60F800108480 /* sorthelper.h */ = {isa = PBXFileReference; fileEncoding = 4; lastKnownFileType = sourcecode.c.h; path = sorthelper.h; sourceTree = "<group>"; };
		588E2D1A18AF60F800108480 /* split.h */ = {isa = PBXFileReference; fileEncoding = 4; lastKnownFileType = sourcecode.c.h; path = split.h; sourceTree = "<group>"; };
		588E2D1B18AF60F800108480 /* statistc.h */ = {isa = PBXFileReference; fileEncoding = 4; lastKnownFileType = sourcecode.c.h; path = statistc.h; sourceTree = "<group>"; };
		588E2D1C18AF60F800108480 /* stderr.h */ = {isa = PBXFileReference; fileEncoding = 4; lastKnownFileType = sourcecode.c.h; path = stderr.h; sourceTree = "<group>"; };
		588E2D1D18AF60F800108480 /* stepblob.h */ = {isa = PBXFileReference; fileEncoding = 4; lastKnownFileType = sourcecode.c.h; path = stepblob.h; sourceTree = "<group>"; };
		588E2D1E18AF60F800108480 /* strngs.h */ = {isa = PBXFileReference; fileEncoding = 4; lastKnownFileType = sourcecode.c.h; path = strngs.h; sourceTree = "<group>"; };
		588E2D1F18AF60F800108480 /* tessbox.h */ = {isa = PBXFileReference; fileEncoding = 4; lastKnownFileType = sourcecode.c.h; path = tessbox.h; sourceTree = "<group>"; };
		588E2D2018AF60F800108480 /* tesscallback.h */ = {isa = PBXFileReference; fileEncoding = 4; lastKnownFileType = sourcecode.c.h; path = tesscallback.h; sourceTree = "<group>"; };
		588E2D2118AF60F800108480 /* tessdatamanager.h */ = {isa = PBXFileReference; fileEncoding = 4; lastKnownFileType = sourcecode.c.h; path = tessdatamanager.h; sourceTree = "<group>"; };
		588E2D2218AF60F800108480 /* tessedit.h */ = {isa = PBXFileReference; fileEncoding = 4; lastKnownFileType = sourcecode.c.h; path = tessedit.h; sourceTree = "<group>"; };
		588E2D2318AF60F800108480 /* tesseract_cube_combiner.h */ = {isa = PBXFileReference; fileEncoding = 4; lastKnownFileType = sourcecode.c.h; path = tesseract_cube_combiner.h; sourceTree = "<group>"; };
		588E2D2418AF60F800108480 /* tesseractclass.h */ = {isa = PBXFileReference; fileEncoding = 4; lastKnownFileType = sourcecode.c.h; path = tesseractclass.h; sourceTree = "<group>"; };
		588E2D2518AF60F800108480 /* tesseractmain.h */ = {isa = PBXFileReference; fileEncoding = 4; lastKnownFileType = sourcecode.c.h; path = tesseractmain.h; sourceTree = "<group>"; };
		588E2D2618AF60F800108480 /* tessvars.h */ = {isa = PBXFileReference; fileEncoding = 4; lastKnownFileType = sourcecode.c.h; path = tessvars.h; sourceTree = "<group>"; };
		588E2D2718AF60F800108480 /* tfacep.h */ = {isa = PBXFileReference; fileEncoding = 4; lastKnownFileType = sourcecode.c.h; path = tfacep.h; sourceTree = "<group>"; };
		588E2D2818AF60F800108480 /* tfacepp.h */ = {isa = PBXFileReference; fileEncoding = 4; lastKnownFileType = sourcecode.c.h; path = tfacepp.h; sourceTree = "<group>"; };
		588E2D2918AF60F800108480 /* thresholder.h */ = {isa = PBXFileReference; fileEncoding = 4; lastKnownFileType = sourcecode.c.h; path = thresholder.h; sourceTree = "<group>"; };
		588E2D2A18AF60F800108480 /* tprintf.h */ = {isa = PBXFileReference; fileEncoding = 4; lastKnownFileType = sourcecode.c.h; path = tprintf.h; sourceTree = "<group>"; };
		588E2D2B18AF60F800108480 /* unichar.h */ = {isa = PBXFileReference; fileEncoding = 4; lastKnownFileType = sourcecode.c.h; path = unichar.h; sourceTree = "<group>"; };
		588E2D2C18AF60F800108480 /* unicharmap.h */ = {isa = PBXFileReference; fileEncoding = 4; lastKnownFileType = sourcecode.c.h; path = unicharmap.h; sourceTree = "<group>"; };
		588E2D2D18AF60F800108480 /* unicharset.h */ = {isa = PBXFileReference; fileEncoding = 4; lastKnownFileType = sourcecode.c.h; path = unicharset.h; sourceTree = "<group>"; };
		588E2D2E18AF60F800108480 /* unicity_table.h */ = {isa = PBXFileReference; fileEncoding = 4; lastKnownFileType = sourcecode.c.h; path = unicity_table.h; sourceTree = "<group>"; };
		588E2D2F18AF60F800108480 /* unicodes.h */ = {isa = PBXFileReference; fileEncoding = 4; lastKnownFileType = sourcecode.c.h; path = unicodes.h; sourceTree = "<group>"; };
		588E2D3018AF60F800108480 /* vecfuncs.h */ = {isa = PBXFileReference; fileEncoding = 4; lastKnownFileType = sourcecode.c.h; path = vecfuncs.h; sourceTree = "<group>"; };
		588E2D3118AF60F800108480 /* werd.h */ = {isa = PBXFileReference; fileEncoding = 4; lastKnownFileType = sourcecode.c.h; path = werd.h; sourceTree = "<group>"; };
		588E2D3218AF60F800108480 /* werdit.h */ = {isa = PBXFileReference; fileEncoding = 4; lastKnownFileType = sourcecode.c.h; path = werdit.h; sourceTree = "<group>"; };
		588E2D3418AF60F800108480 /* liblept.a */ = {isa = PBXFileReference; lastKnownFileType = archive.ar; path = liblept.a; sourceTree = "<group>"; };
		588E2D3518AF60F800108480 /* libtesseract_all.a */ = {isa = PBXFileReference; lastKnownFileType = archive.ar; path = libtesseract_all.a; sourceTree = "<group>"; };
		588E2D3618AF60F800108480 /* README.md */ = {isa = PBXFileReference; fileEncoding = 4; lastKnownFileType = text; path = README.md; sourceTree = "<group>"; };
		588E2D5A18AF624C00108480 /* tessdata */ = {isa = PBXFileReference; lastKnownFileType = folder; path = tessdata; sourceTree = "<group>"; };
		588E2D5C18AF641E00108480 /* image_sample.jpg */ = {isa = PBXFileReference; lastKnownFileType = image.jpeg; name = image_sample.jpg; path = ../../../../../Desktop/image_sample.jpg; sourceTree = "<group>"; };
		588E2D5E18AF64DF00108480 /* button.png */ = {isa = PBXFileReference; lastKnownFileType = image.png; name = button.png; path = ../button.png; sourceTree = "<group>"; };
		588E2D5F18AF64DF00108480 /* login.html */ = {isa = PBXFileReference; fileEncoding = 4; lastKnownFileType = text.html; name = login.html; path = ../login.html; sourceTree = "<group>"; };
		588E2D6018AF64DF00108480 /* login.jpg */ = {isa = PBXFileReference; lastKnownFileType = image.jpeg; name = login.jpg; path = ../login.jpg; sourceTree = "<group>"; };
		588E2D6518AF696F00108480 /* AVFoundation.framework */ = {isa = PBXFileReference; lastKnownFileType = wrapper.framework; name = AVFoundation.framework; path = System/Library/Frameworks/AVFoundation.framework; sourceTree = SDKROOT; };
/* End PBXFileReference section */

/* Begin PBXFrameworksBuildPhase section */
		036E810F18AF05860041C37F /* Frameworks */ = {
			isa = PBXFrameworksBuildPhase;
			buildActionMask = 2147483647;
			files = (
				588E2D6618AF696F00108480 /* AVFoundation.framework in Frameworks */,
				588E2BCE18AF5E8E00108480 /* SDWebImage.framework in Frameworks */,
				03C94E9518AF57C3007AFC0E /* ImageIO.framework in Frameworks */,
				588E2D4418AF60F800108480 /* liblept.a in Frameworks */,
				036E811818AF05860041C37F /* CoreGraphics.framework in Frameworks */,
				036E811A18AF05860041C37F /* UIKit.framework in Frameworks */,
				588E2D4518AF60F800108480 /* libtesseract_all.a in Frameworks */,
				036E811618AF05860041C37F /* Foundation.framework in Frameworks */,
			);
			runOnlyForDeploymentPostprocessing = 0;
		};
		036E813018AF05870041C37F /* Frameworks */ = {
			isa = PBXFrameworksBuildPhase;
			buildActionMask = 2147483647;
			files = (
				036E813518AF05870041C37F /* XCTest.framework in Frameworks */,
				036E813718AF05870041C37F /* UIKit.framework in Frameworks */,
				036E813618AF05870041C37F /* Foundation.framework in Frameworks */,
			);
			runOnlyForDeploymentPostprocessing = 0;
		};
/* End PBXFrameworksBuildPhase section */

/* Begin PBXGroup section */
		036E810918AF05860041C37F = {
			isa = PBXGroup;
			children = (
				036E811B18AF05860041C37F /* Divvly */,
				036E813A18AF05870041C37F /* DivvlyTests */,
				036E811418AF05860041C37F /* Frameworks */,
				036E811318AF05860041C37F /* Products */,
			);
			sourceTree = "<group>";
		};
		036E811318AF05860041C37F /* Products */ = {
			isa = PBXGroup;
			children = (
				036E811218AF05860041C37F /* Divvly.app */,
				036E813318AF05870041C37F /* DivvlyTests.xctest */,
			);
			name = Products;
			sourceTree = "<group>";
		};
		036E811418AF05860041C37F /* Frameworks */ = {
			isa = PBXGroup;
			children = (
				588E2D6518AF696F00108480 /* AVFoundation.framework */,
				03C94E9418AF57C3007AFC0E /* ImageIO.framework */,
				03C94E9218AF5799007AFC0E /* SDWebImage.framework */,
				036E811518AF05860041C37F /* Foundation.framework */,
				036E811718AF05860041C37F /* CoreGraphics.framework */,
				036E811918AF05860041C37F /* UIKit.framework */,
				036E813418AF05870041C37F /* XCTest.framework */,
			);
			name = Frameworks;
			sourceTree = "<group>";
		};
		036E811B18AF05860041C37F /* Divvly */ = {
			isa = PBXGroup;
			children = (
				036E812418AF05860041C37F /* DIVAppDelegate.h */,
				036E812518AF05860041C37F /* DIVAppDelegate.m */,
				036E812718AF05860041C37F /* Main.storyboard */,
				0320524D18AF3AB8009BB045 /* DIVLoginViewController.h */,
				0320524E18AF3AB8009BB045 /* DIVLoginViewController.m */,
				0320525018AF3E7A009BB045 /* DIVCameraViewController.h */,
				0320525118AF3E7A009BB045 /* DIVCameraViewController.m */,
				036E812D18AF05870041C37F /* Images.xcassets */,
				588E2D6418AF66E200108480 /* Tesseract */,
				036E814D18AF059B0041C37F /* Integration Files */,
				036E811C18AF05860041C37F /* Supporting Files */,
			);
			path = Divvly;
			sourceTree = "<group>";
		};
		036E811C18AF05860041C37F /* Supporting Files */ = {
			isa = PBXGroup;
			children = (
				588E2D5E18AF64DF00108480 /* button.png */,
				588E2D5F18AF64DF00108480 /* login.html */,
				588E2D6018AF64DF00108480 /* login.jpg */,
				588E2D5C18AF641E00108480 /* image_sample.jpg */,
				036E811D18AF05860041C37F /* Divvly-Info.plist */,
				036E811E18AF05860041C37F /* InfoPlist.strings */,
				036E812118AF05860041C37F /* main.m */,
				036E812318AF05860041C37F /* Divvly-Prefix.pch */,
			);
			name = "Supporting Files";
			sourceTree = "<group>";
		};
		036E813A18AF05870041C37F /* DivvlyTests */ = {
			isa = PBXGroup;
			children = (
				036E814018AF05870041C37F /* DivvlyTests.m */,
				036E813B18AF05870041C37F /* Supporting Files */,
			);
			path = DivvlyTests;
			sourceTree = "<group>";
		};
		036E813B18AF05870041C37F /* Supporting Files */ = {
			isa = PBXGroup;
			children = (
				036E813C18AF05870041C37F /* DivvlyTests-Info.plist */,
				036E813D18AF05870041C37F /* InfoPlist.strings */,
			);
			name = "Supporting Files";
			sourceTree = "<group>";
		};
		036E814D18AF059B0041C37F /* Integration Files */ = {
			isa = PBXGroup;
			children = (
				036E814A18AF05930041C37F /* DIVVenmoIntegration.h */,
				036E814B18AF05930041C37F /* DIVVenmoIntegration.m */,
			);
			name = "Integration Files";
			sourceTree = "<group>";
		};
		588E2C9918AF60F800108480 /* tesseract-ios */ = {
			isa = PBXGroup;
			children = (
				588E2C9A18AF60F800108480 /* Classes */,
				588E2C9D18AF60F800108480 /* LICENSE */,
				588E2C9E18AF60F800108480 /* README.md */,
			);
			path = "tesseract-ios";
			sourceTree = "<group>";
		};
		588E2C9A18AF60F800108480 /* Classes */ = {
			isa = PBXGroup;
			children = (
				588E2C9B18AF60F800108480 /* Tesseract.h */,
				588E2C9C18AF60F800108480 /* Tesseract.mm */,
			);
			path = Classes;
			sourceTree = "<group>";
		};
		588E2C9F18AF60F800108480 /* tesseract-ios-lib */ = {
			isa = PBXGroup;
			children = (
				588E2CA018AF60F800108480 /* .gitignore */,
				588E2CA118AF60F800108480 /* include */,
				588E2D3318AF60F800108480 /* lib */,
				588E2D3618AF60F800108480 /* README.md */,
			);
			path = "tesseract-ios-lib";
			sourceTree = "<group>";
		};
		588E2CA118AF60F800108480 /* include */ = {
			isa = PBXGroup;
			children = (
				588E2CA218AF60F800108480 /* leptonica */,
				588E2CBE18AF60F800108480 /* tesseract */,
			);
			path = include;
			sourceTree = "<group>";
		};
		588E2CA218AF60F800108480 /* leptonica */ = {
			isa = PBXGroup;
			children = (
				588E2CA318AF60F800108480 /* allheaders.h */,
				588E2CA418AF60F800108480 /* alltypes.h */,
				588E2CA518AF60F800108480 /* array.h */,
				588E2CA618AF60F800108480 /* arrayaccess.h */,
				588E2CA718AF60F800108480 /* bbuffer.h */,
				588E2CA818AF60F800108480 /* bmf.h */,
				588E2CA918AF60F800108480 /* bmp.h */,
				588E2CAA18AF60F800108480 /* ccbord.h */,
				588E2CAB18AF60F800108480 /* dewarp.h */,
				588E2CAC18AF60F800108480 /* endianness.h */,
				588E2CAD18AF60F800108480 /* environ.h */,
				588E2CAE18AF60F800108480 /* freetype.h */,
				588E2CAF18AF60F800108480 /* gplot.h */,
				588E2CB018AF60F800108480 /* heap.h */,
				588E2CB118AF60F800108480 /* imageio.h */,
				588E2CB218AF60F800108480 /* jbclass.h */,
				588E2CB318AF60F800108480 /* leptwin.h */,
				588E2CB418AF60F800108480 /* list.h */,
				588E2CB518AF60F800108480 /* morph.h */,
				588E2CB618AF60F800108480 /* pix.h */,
				588E2CB718AF60F800108480 /* ptra.h */,
				588E2CB818AF60F800108480 /* queue.h */,
				588E2CB918AF60F800108480 /* readbarcode.h */,
				588E2CBA18AF60F800108480 /* regutils.h */,
				588E2CBB18AF60F800108480 /* stack.h */,
				588E2CBC18AF60F800108480 /* sudoku.h */,
				588E2CBD18AF60F800108480 /* watershed.h */,
			);
			path = leptonica;
			sourceTree = "<group>";
		};
		588E2CBE18AF60F800108480 /* tesseract */ = {
			isa = PBXGroup;
			children = (
				588E2CBF18AF60F800108480 /* ambigs.h */,
				588E2CC018AF60F800108480 /* apitypes.h */,
				588E2CC118AF60F800108480 /* baseapi.h */,
				588E2CC218AF60F800108480 /* basedir.h */,
				588E2CC318AF60F800108480 /* bits16.h */,
				588E2CC418AF60F800108480 /* bitvector.h */,
				588E2CC518AF60F800108480 /* blckerr.h */,
				588E2CC618AF60F800108480 /* blobbox.h */,
				588E2CC718AF60F800108480 /* blobs.h */,
				588E2CC818AF60F800108480 /* blread.h */,
				588E2CC918AF60F800108480 /* boxread.h */,
				588E2CCA18AF60F800108480 /* boxword.h */,
				588E2CCB18AF60F800108480 /* capi.h */,
				588E2CCC18AF60F800108480 /* ccstruct.h */,
				588E2CCD18AF60F800108480 /* ccutil.h */,
				588E2CCE18AF60F800108480 /* clst.h */,
				588E2CCF18AF60F800108480 /* control.h */,
				588E2CD018AF60F800108480 /* coutln.h */,
				588E2CD118AF60F800108480 /* crakedge.h */,
				588E2CD218AF60F800108480 /* cube_reco_context.h */,
				588E2CD318AF60F800108480 /* cubeclassifier.h */,
				588E2CD418AF60F800108480 /* detlinefit.h */,
				588E2CD518AF60F800108480 /* docqual.h */,
				588E2CD618AF60F800108480 /* dppoint.h */,
				588E2CD718AF60F800108480 /* elst.h */,
				588E2CD818AF60F800108480 /* elst2.h */,
				588E2CD918AF60F800108480 /* equationdetect.h */,
				588E2CDA18AF60F800108480 /* errcode.h */,
				588E2CDB18AF60F800108480 /* fileerr.h */,
				588E2CDC18AF60F800108480 /* fixspace.h */,
				588E2CDD18AF60F800108480 /* fontinfo.h */,
				588E2CDE18AF60F800108480 /* genblob.h */,
				588E2CDF18AF60F800108480 /* genericvector.h */,
				588E2CE018AF60F800108480 /* globaloc.h */,
				588E2CE118AF60F800108480 /* hashfn.h */,
				588E2CE218AF60F800108480 /* helpers.h */,
				588E2CE318AF60F800108480 /* host.h */,
				588E2CE418AF60F800108480 /* hosthplb.h */,
				588E2CE518AF60F800108480 /* hpddef.h */,
				588E2CE618AF60F800108480 /* hpdsizes.h */,
				588E2CE718AF60F800108480 /* imgscale.h */,
				588E2CE818AF60F800108480 /* indexmapbidi.h */,
				588E2CE918AF60F800108480 /* ipoints.h */,
				588E2CEA18AF60F800108480 /* linlsq.h */,
				588E2CEB18AF60F800108480 /* lsterr.h */,
				588E2CEC18AF60F800108480 /* ltrresultiterator.h */,
				588E2CED18AF60F800108480 /* matrix.h */,
				588E2CEE18AF60F800108480 /* memry.h */,
				588E2CEF18AF60F800108480 /* mfcpch.h */,
				588E2CF018AF60F800108480 /* mod128.h */,
				588E2CF118AF60F800108480 /* mutableiterator.h */,
				588E2CF218AF60F800108480 /* ndminx.h */,
				588E2CF318AF60F800108480 /* normalis.h */,
				588E2CF418AF60F800108480 /* notdll.h */,
				588E2CF518AF60F800108480 /* nwmain.h */,
				588E2CF618AF60F800108480 /* ocrblock.h */,
				588E2CF718AF60F800108480 /* ocrclass.h */,
				588E2CF818AF60F800108480 /* ocrpara.h */,
				588E2CF918AF60F800108480 /* ocrrow.h */,
				588E2CFA18AF60F800108480 /* osdetect.h */,
				588E2CFB18AF60F800108480 /* otsuthr.h */,
				588E2CFC18AF60F800108480 /* output.h */,
				588E2CFD18AF60F800108480 /* pageiterator.h */,
				588E2CFE18AF60F800108480 /* pageres.h */,
				588E2CFF18AF60F800108480 /* paragraphs.h */,
				588E2D0018AF60F800108480 /* paragraphs_internal.h */,
				588E2D0118AF60F800108480 /* params.h */,
				588E2D0218AF60F800108480 /* params_training_featdef.h */,
				588E2D0318AF60F800108480 /* paramsd.h */,
				588E2D0418AF60F800108480 /* pdblock.h */,
				588E2D0518AF60F800108480 /* pgedit.h */,
				588E2D0618AF60F800108480 /* platform.h */,
				588E2D0718AF60F800108480 /* points.h */,
				588E2D0818AF60F800108480 /* polyaprx.h */,
				588E2D0918AF60F800108480 /* polyblk.h */,
				588E2D0A18AF60F800108480 /* publictypes.h */,
				588E2D0B18AF60F800108480 /* qrsequence.h */,
				588E2D0C18AF60F800108480 /* quadlsq.h */,
				588E2D0D18AF60F800108480 /* quadratc.h */,
				588E2D0E18AF60F800108480 /* quspline.h */,
				588E2D0F18AF60F800108480 /* ratngs.h */,
				588E2D1018AF60F800108480 /* rect.h */,
				588E2D1118AF60F800108480 /* rejctmap.h */,
				588E2D1218AF60F800108480 /* reject.h */,
				588E2D1318AF60F800108480 /* resultiterator.h */,
				588E2D1418AF60F800108480 /* scaleimg.h */,
				588E2D1518AF60F800108480 /* scanutils.h */,
				588E2D1618AF60F800108480 /* seam.h */,
				588E2D1718AF60F800108480 /* secname.h */,
				588E2D1818AF60F800108480 /* serialis.h */,
				588E2D1918AF60F800108480 /* sorthelper.h */,
				588E2D1A18AF60F800108480 /* split.h */,
				588E2D1B18AF60F800108480 /* statistc.h */,
				588E2D1C18AF60F800108480 /* stderr.h */,
				588E2D1D18AF60F800108480 /* stepblob.h */,
				588E2D1E18AF60F800108480 /* strngs.h */,
				588E2D1F18AF60F800108480 /* tessbox.h */,
				588E2D2018AF60F800108480 /* tesscallback.h */,
				588E2D2118AF60F800108480 /* tessdatamanager.h */,
				588E2D2218AF60F800108480 /* tessedit.h */,
				588E2D2318AF60F800108480 /* tesseract_cube_combiner.h */,
				588E2D2418AF60F800108480 /* tesseractclass.h */,
				588E2D2518AF60F800108480 /* tesseractmain.h */,
				588E2D2618AF60F800108480 /* tessvars.h */,
				588E2D2718AF60F800108480 /* tfacep.h */,
				588E2D2818AF60F800108480 /* tfacepp.h */,
				588E2D2918AF60F800108480 /* thresholder.h */,
				588E2D2A18AF60F800108480 /* tprintf.h */,
				588E2D2B18AF60F800108480 /* unichar.h */,
				588E2D2C18AF60F800108480 /* unicharmap.h */,
				588E2D2D18AF60F800108480 /* unicharset.h */,
				588E2D2E18AF60F800108480 /* unicity_table.h */,
				588E2D2F18AF60F800108480 /* unicodes.h */,
				588E2D3018AF60F800108480 /* vecfuncs.h */,
				588E2D3118AF60F800108480 /* werd.h */,
				588E2D3218AF60F800108480 /* werdit.h */,
			);
			path = tesseract;
			sourceTree = "<group>";
		};
		588E2D3318AF60F800108480 /* lib */ = {
			isa = PBXGroup;
			children = (
				588E2D3418AF60F800108480 /* liblept.a */,
				588E2D3518AF60F800108480 /* libtesseract_all.a */,
			);
			path = lib;
			sourceTree = "<group>";
		};
		588E2D6418AF66E200108480 /* Tesseract */ = {
			isa = PBXGroup;
			children = (
				588E2D5A18AF624C00108480 /* tessdata */,
				588E2C9918AF60F800108480 /* tesseract-ios */,
				588E2C9F18AF60F800108480 /* tesseract-ios-lib */,
			);
			name = Tesseract;
			sourceTree = "<group>";
		};
/* End PBXGroup section */

/* Begin PBXNativeTarget section */
		036E811118AF05860041C37F /* Divvly */ = {
			isa = PBXNativeTarget;
			buildConfigurationList = 036E814418AF05870041C37F /* Build configuration list for PBXNativeTarget "Divvly" */;
			buildPhases = (
				036E810E18AF05860041C37F /* Sources */,
				036E810F18AF05860041C37F /* Frameworks */,
				036E811018AF05860041C37F /* Resources */,
			);
			buildRules = (
			);
			dependencies = (
			);
			name = Divvly;
			productName = Divvly;
			productReference = 036E811218AF05860041C37F /* Divvly.app */;
			productType = "com.apple.product-type.application";
		};
		036E813218AF05870041C37F /* DivvlyTests */ = {
			isa = PBXNativeTarget;
			buildConfigurationList = 036E814718AF05870041C37F /* Build configuration list for PBXNativeTarget "DivvlyTests" */;
			buildPhases = (
				036E812F18AF05870041C37F /* Sources */,
				036E813018AF05870041C37F /* Frameworks */,
				036E813118AF05870041C37F /* Resources */,
			);
			buildRules = (
			);
			dependencies = (
				036E813918AF05870041C37F /* PBXTargetDependency */,
			);
			name = DivvlyTests;
			productName = DivvlyTests;
			productReference = 036E813318AF05870041C37F /* DivvlyTests.xctest */;
			productType = "com.apple.product-type.bundle.unit-test";
		};
/* End PBXNativeTarget section */

/* Begin PBXProject section */
		036E810A18AF05860041C37F /* Project object */ = {
			isa = PBXProject;
			attributes = {
				CLASSPREFIX = DIV;
				LastUpgradeCheck = 0500;
				ORGANIZATIONNAME = "Peter and Josh Ventures";
				TargetAttributes = {
					036E813218AF05870041C37F = {
						TestTargetID = 036E811118AF05860041C37F;
					};
				};
			};
			buildConfigurationList = 036E810D18AF05860041C37F /* Build configuration list for PBXProject "Divvly" */;
			compatibilityVersion = "Xcode 3.2";
			developmentRegion = English;
			hasScannedForEncodings = 0;
			knownRegions = (
				en,
				Base,
			);
			mainGroup = 036E810918AF05860041C37F;
			productRefGroup = 036E811318AF05860041C37F /* Products */;
			projectDirPath = "";
			projectRoot = "";
			targets = (
				036E811118AF05860041C37F /* Divvly */,
				036E813218AF05870041C37F /* DivvlyTests */,
			);
		};
/* End PBXProject section */

/* Begin PBXResourcesBuildPhase section */
		036E811018AF05860041C37F /* Resources */ = {
			isa = PBXResourcesBuildPhase;
			buildActionMask = 2147483647;
			files = (
				036E812E18AF05870041C37F /* Images.xcassets in Resources */,
				588E2D6318AF64DF00108480 /* login.jpg in Resources */,
				588E2D6118AF64DF00108480 /* button.png in Resources */,
				588E2D5B18AF624C00108480 /* tessdata in Resources */,
				588E2D4218AF60F800108480 /* README.md in Resources */,
				588E2D6218AF64DF00108480 /* login.html in Resources */,
				036E812018AF05860041C37F /* InfoPlist.strings in Resources */,
				588E2D5D18AF641E00108480 /* image_sample.jpg in Resources */,
				588E2D4118AF60F800108480 /* LICENSE in Resources */,
				588E2D4318AF60F800108480 /* .gitignore in Resources */,
				588E2D4618AF60F800108480 /* README.md in Resources */,
				036E812918AF05860041C37F /* Main.storyboard in Resources */,
			);
			runOnlyForDeploymentPostprocessing = 0;
		};
		036E813118AF05870041C37F /* Resources */ = {
			isa = PBXResourcesBuildPhase;
			buildActionMask = 2147483647;
			files = (
				036E813F18AF05870041C37F /* InfoPlist.strings in Resources */,
			);
			runOnlyForDeploymentPostprocessing = 0;
		};
/* End PBXResourcesBuildPhase section */

/* Begin PBXSourcesBuildPhase section */
		036E810E18AF05860041C37F /* Sources */ = {
			isa = PBXSourcesBuildPhase;
			buildActionMask = 2147483647;
			files = (
				0320525218AF3E7A009BB045 /* DIVCameraViewController.m in Sources */,
				036E814C18AF05930041C37F /* DIVVenmoIntegration.m in Sources */,
				036E812618AF05860041C37F /* DIVAppDelegate.m in Sources */,
				0320524F18AF3AB8009BB045 /* DIVLoginViewController.m in Sources */,
				036E812218AF05860041C37F /* main.m in Sources */,
				588E2D4018AF60F800108480 /* Tesseract.mm in Sources */,
			);
			runOnlyForDeploymentPostprocessing = 0;
		};
		036E812F18AF05870041C37F /* Sources */ = {
			isa = PBXSourcesBuildPhase;
			buildActionMask = 2147483647;
			files = (
				036E814118AF05870041C37F /* DivvlyTests.m in Sources */,
			);
			runOnlyForDeploymentPostprocessing = 0;
		};
/* End PBXSourcesBuildPhase section */

/* Begin PBXTargetDependency section */
		036E813918AF05870041C37F /* PBXTargetDependency */ = {
			isa = PBXTargetDependency;
			target = 036E811118AF05860041C37F /* Divvly */;
			targetProxy = 036E813818AF05870041C37F /* PBXContainerItemProxy */;
		};
/* End PBXTargetDependency section */

/* Begin PBXVariantGroup section */
		036E811E18AF05860041C37F /* InfoPlist.strings */ = {
			isa = PBXVariantGroup;
			children = (
				036E811F18AF05860041C37F /* en */,
			);
			name = InfoPlist.strings;
			sourceTree = "<group>";
		};
		036E812718AF05860041C37F /* Main.storyboard */ = {
			isa = PBXVariantGroup;
			children = (
				036E812818AF05860041C37F /* Base */,
			);
			name = Main.storyboard;
			sourceTree = "<group>";
		};
		036E813D18AF05870041C37F /* InfoPlist.strings */ = {
			isa = PBXVariantGroup;
			children = (
				036E813E18AF05870041C37F /* en */,
			);
			name = InfoPlist.strings;
			sourceTree = "<group>";
		};
/* End PBXVariantGroup section */

/* Begin XCBuildConfiguration section */
		036E814218AF05870041C37F /* Debug */ = {
			isa = XCBuildConfiguration;
			buildSettings = {
				ALWAYS_SEARCH_USER_PATHS = NO;
				ARCHS = "$(ARCHS_STANDARD_INCLUDING_64_BIT)";
				CLANG_CXX_LANGUAGE_STANDARD = "gnu++0x";
				CLANG_CXX_LIBRARY = "libstdc++";
				CLANG_ENABLE_MODULES = YES;
				CLANG_ENABLE_OBJC_ARC = YES;
				CLANG_WARN_BOOL_CONVERSION = YES;
				CLANG_WARN_CONSTANT_CONVERSION = YES;
				CLANG_WARN_DIRECT_OBJC_ISA_USAGE = YES_ERROR;
				CLANG_WARN_EMPTY_BODY = YES;
				CLANG_WARN_ENUM_CONVERSION = YES;
				CLANG_WARN_INT_CONVERSION = YES;
				CLANG_WARN_OBJC_ROOT_CLASS = YES_ERROR;
				CLANG_WARN__DUPLICATE_METHOD_MATCH = YES;
				"CODE_SIGN_IDENTITY[sdk=iphoneos*]" = "iPhone Developer";
				COPY_PHASE_STRIP = NO;
				GCC_C_LANGUAGE_STANDARD = gnu99;
				GCC_DYNAMIC_NO_PIC = NO;
				GCC_OPTIMIZATION_LEVEL = 0;
				GCC_PREPROCESSOR_DEFINITIONS = (
					"DEBUG=1",
					"$(inherited)",
				);
				GCC_SYMBOLS_PRIVATE_EXTERN = NO;
				GCC_WARN_64_TO_32_BIT_CONVERSION = YES;
				GCC_WARN_ABOUT_RETURN_TYPE = YES_ERROR;
				GCC_WARN_UNDECLARED_SELECTOR = YES;
				GCC_WARN_UNINITIALIZED_AUTOS = YES;
				GCC_WARN_UNUSED_FUNCTION = YES;
				GCC_WARN_UNUSED_VARIABLE = YES;
				IPHONEOS_DEPLOYMENT_TARGET = 7.0;
				ONLY_ACTIVE_ARCH = NO;
				SDKROOT = iphoneos;
				VALID_ARCHS = armv7;
			};
			name = Debug;
		};
		036E814318AF05870041C37F /* Release */ = {
			isa = XCBuildConfiguration;
			buildSettings = {
				ALWAYS_SEARCH_USER_PATHS = NO;
				ARCHS = "$(ARCHS_STANDARD_INCLUDING_64_BIT)";
				CLANG_CXX_LANGUAGE_STANDARD = "gnu++0x";
				CLANG_CXX_LIBRARY = "libstdc++";
				CLANG_ENABLE_MODULES = YES;
				CLANG_ENABLE_OBJC_ARC = YES;
				CLANG_WARN_BOOL_CONVERSION = YES;
				CLANG_WARN_CONSTANT_CONVERSION = YES;
				CLANG_WARN_DIRECT_OBJC_ISA_USAGE = YES_ERROR;
				CLANG_WARN_EMPTY_BODY = YES;
				CLANG_WARN_ENUM_CONVERSION = YES;
				CLANG_WARN_INT_CONVERSION = YES;
				CLANG_WARN_OBJC_ROOT_CLASS = YES_ERROR;
				CLANG_WARN__DUPLICATE_METHOD_MATCH = YES;
				"CODE_SIGN_IDENTITY[sdk=iphoneos*]" = "iPhone Developer";
				COPY_PHASE_STRIP = YES;
				ENABLE_NS_ASSERTIONS = NO;
				GCC_C_LANGUAGE_STANDARD = gnu99;
				GCC_WARN_64_TO_32_BIT_CONVERSION = YES;
				GCC_WARN_ABOUT_RETURN_TYPE = YES_ERROR;
				GCC_WARN_UNDECLARED_SELECTOR = YES;
				GCC_WARN_UNINITIALIZED_AUTOS = YES;
				GCC_WARN_UNUSED_FUNCTION = YES;
				GCC_WARN_UNUSED_VARIABLE = YES;
				IPHONEOS_DEPLOYMENT_TARGET = 7.0;
				SDKROOT = iphoneos;
				VALIDATE_PRODUCT = YES;
				VALID_ARCHS = armv7;
			};
			name = Release;
		};
		036E814518AF05870041C37F /* Debug */ = {
			isa = XCBuildConfiguration;
			buildSettings = {
				ASSETCATALOG_COMPILER_APPICON_NAME = AppIcon;
				ASSETCATALOG_COMPILER_LAUNCHIMAGE_NAME = LaunchImage;
				CLANG_CXX_LIBRARY = "libstdc++";
				FRAMEWORK_SEARCH_PATHS = (
					"$(inherited)",
					/Users/Josh/Desktop/PennApps/PennAppsSpring2014/PennApps2014s/iOS/Divvly,
					/Users/wolfbandit/Documents/PennApps2014s/iOS/Divvly,
				);
				GCC_PRECOMPILE_PREFIX_HEADER = YES;
				GCC_PREFIX_HEADER = "Divvly/Divvly-Prefix.pch";
				INFOPLIST_FILE = "Divvly/Divvly-Info.plist";
				LIBRARY_SEARCH_PATHS = (
					"$(inherited)",
					"/Users/wolfbandit/Documents/PennApps2014s/iOS/Divvly/tesseract-ios-lib/lib",
					"/Users/wolfbandit/Documents/PennApps2014s/iOS/Divvly/Divvly/tesseract-ios-lib/lib",
				);
				OTHER_LDFLAGS = "-ObjC";
				PRODUCT_NAME = "$(TARGET_NAME)";
				VALID_ARCHS = armv7;
				WRAPPER_EXTENSION = app;
			};
			name = Debug;
		};
		036E814618AF05870041C37F /* Release */ = {
			isa = XCBuildConfiguration;
			buildSettings = {
				ASSETCATALOG_COMPILER_APPICON_NAME = AppIcon;
				ASSETCATALOG_COMPILER_LAUNCHIMAGE_NAME = LaunchImage;
				CLANG_CXX_LIBRARY = "libstdc++";
				FRAMEWORK_SEARCH_PATHS = (
					"$(inherited)",
					/Users/Josh/Desktop/PennApps/PennAppsSpring2014/PennApps2014s/iOS/Divvly,
					/Users/wolfbandit/Documents/PennApps2014s/iOS/Divvly,
				);
				GCC_PRECOMPILE_PREFIX_HEADER = YES;
				GCC_PREFIX_HEADER = "Divvly/Divvly-Prefix.pch";
				INFOPLIST_FILE = "Divvly/Divvly-Info.plist";
				LIBRARY_SEARCH_PATHS = (
					"$(inherited)",
					"/Users/wolfbandit/Documents/PennApps2014s/iOS/Divvly/tesseract-ios-lib/lib",
					"/Users/wolfbandit/Documents/PennApps2014s/iOS/Divvly/Divvly/tesseract-ios-lib/lib",
				);
				OTHER_LDFLAGS = "-ObjC";
				PRODUCT_NAME = "$(TARGET_NAME)";
				VALID_ARCHS = armv7;
				WRAPPER_EXTENSION = app;
			};
			name = Release;
		};
		036E814818AF05870041C37F /* Debug */ = {
			isa = XCBuildConfiguration;
			buildSettings = {
				ARCHS = "$(ARCHS_STANDARD_INCLUDING_64_BIT)";
				BUNDLE_LOADER = "$(BUILT_PRODUCTS_DIR)/Divvly.app/Divvly";
				FRAMEWORK_SEARCH_PATHS = (
					"$(SDKROOT)/Developer/Library/Frameworks",
					"$(inherited)",
					"$(DEVELOPER_FRAMEWORKS_DIR)",
				);
				GCC_PRECOMPILE_PREFIX_HEADER = YES;
				GCC_PREFIX_HEADER = "Divvly/Divvly-Prefix.pch";
				GCC_PREPROCESSOR_DEFINITIONS = (
					"DEBUG=1",
					"$(inherited)",
				);
				INFOPLIST_FILE = "DivvlyTests/DivvlyTests-Info.plist";
				PRODUCT_NAME = "$(TARGET_NAME)";
				TEST_HOST = "$(BUNDLE_LOADER)";
				WRAPPER_EXTENSION = xctest;
			};
			name = Debug;
		};
		036E814918AF05870041C37F /* Release */ = {
			isa = XCBuildConfiguration;
			buildSettings = {
				ARCHS = "$(ARCHS_STANDARD_INCLUDING_64_BIT)";
				BUNDLE_LOADER = "$(BUILT_PRODUCTS_DIR)/Divvly.app/Divvly";
				FRAMEWORK_SEARCH_PATHS = (
					"$(SDKROOT)/Developer/Library/Frameworks",
					"$(inherited)",
					"$(DEVELOPER_FRAMEWORKS_DIR)",
				);
				GCC_PRECOMPILE_PREFIX_HEADER = YES;
				GCC_PREFIX_HEADER = "Divvly/Divvly-Prefix.pch";
				INFOPLIST_FILE = "DivvlyTests/DivvlyTests-Info.plist";
				PRODUCT_NAME = "$(TARGET_NAME)";
				TEST_HOST = "$(BUNDLE_LOADER)";
				WRAPPER_EXTENSION = xctest;
			};
			name = Release;
		};
/* End XCBuildConfiguration section */

/* Begin XCConfigurationList section */
		036E810D18AF05860041C37F /* Build configuration list for PBXProject "Divvly" */ = {
			isa = XCConfigurationList;
			buildConfigurations = (
				036E814218AF05870041C37F /* Debug */,
				036E814318AF05870041C37F /* Release */,
			);
			defaultConfigurationIsVisible = 0;
			defaultConfigurationName = Release;
		};
		036E814418AF05870041C37F /* Build configuration list for PBXNativeTarget "Divvly" */ = {
			isa = XCConfigurationList;
			buildConfigurations = (
				036E814518AF05870041C37F /* Debug */,
				036E814618AF05870041C37F /* Release */,
			);
			defaultConfigurationIsVisible = 0;
			defaultConfigurationName = Release;
		};
		036E814718AF05870041C37F /* Build configuration list for PBXNativeTarget "DivvlyTests" */ = {
			isa = XCConfigurationList;
			buildConfigurations = (
				036E814818AF05870041C37F /* Debug */,
				036E814918AF05870041C37F /* Release */,
			);
			defaultConfigurationIsVisible = 0;
			defaultConfigurationName = Release;
		};
/* End XCConfigurationList section */
	};
	rootObject = 036E810A18AF05860041C37F /* Project object */;
}
