// !$*UTF8*$!
{
	archiveVersion = 1;
	classes = {
	};
	objectVersion = 46;
	objects = {

/* Begin PBXBuildFile section */
		0320524F18AF3AB8009BB045 /* DIVLoginViewController.m in Sources */ = {isa = PBXBuildFile; fileRef = 0320524E18AF3AB8009BB045 /* DIVLoginViewController.m */; };
		0320525218AF3E7A009BB045 /* DIVCameraViewController.m in Sources */ = {isa = PBXBuildFile; fileRef = 0320525118AF3E7A009BB045 /* DIVCameraViewController.m */; };
		036E811618AF05860041C37F /* Foundation.framework in Frameworks */ = {isa = PBXBuildFile; fileRef = 036E811518AF05860041C37F /* Foundation.framework */; };
		036E811818AF05860041C37F /* CoreGraphics.framework in Frameworks */ = {isa = PBXBuildFile; fileRef = 036E811718AF05860041C37F /* CoreGraphics.framework */; };
		036E811A18AF05860041C37F /* UIKit.framework in Frameworks */ = {isa = PBXBuildFile; fileRef = 036E811918AF05860041C37F /* UIKit.framework */; };
		036E812018AF05860041C37F /* InfoPlist.strings in Resources */ = {isa = PBXBuildFile; fileRef = 036E811E18AF05860041C37F /* InfoPlist.strings */; };
		036E812218AF05860041C37F /* main.m in Sources */ = {isa = PBXBuildFile; fileRef = 036E812118AF05860041C37F /* main.m */; };
		036E812618AF05860041C37F /* DIVAppDelegate.m in Sources */ = {isa = PBXBuildFile; fileRef = 036E812518AF05860041C37F /* DIVAppDelegate.m */; };
		036E812918AF05860041C37F /* Main.storyboard in Resources */ = {isa = PBXBuildFile; fileRef = 036E812718AF05860041C37F /* Main.storyboard */; };
		036E812E18AF05870041C37F /* Images.xcassets in Resources */ = {isa = PBXBuildFile; fileRef = 036E812D18AF05870041C37F /* Images.xcassets */; };
		036E813518AF05870041C37F /* XCTest.framework in Frameworks */ = {isa = PBXBuildFile; fileRef = 036E813418AF05870041C37F /* XCTest.framework */; };
		036E813618AF05870041C37F /* Foundation.framework in Frameworks */ = {isa = PBXBuildFile; fileRef = 036E811518AF05860041C37F /* Foundation.framework */; };
		036E813718AF05870041C37F /* UIKit.framework in Frameworks */ = {isa = PBXBuildFile; fileRef = 036E811918AF05860041C37F /* UIKit.framework */; };
		036E813F18AF05870041C37F /* InfoPlist.strings in Resources */ = {isa = PBXBuildFile; fileRef = 036E813D18AF05870041C37F /* InfoPlist.strings */; };
		036E814118AF05870041C37F /* DivvlyTests.m in Sources */ = {isa = PBXBuildFile; fileRef = 036E814018AF05870041C37F /* DivvlyTests.m */; };
		036E814C18AF05930041C37F /* DIVVenmoIntegration.m in Sources */ = {isa = PBXBuildFile; fileRef = 036E814B18AF05930041C37F /* DIVVenmoIntegration.m */; };
		03C94E9318AF5799007AFC0E /* SDWebImage.framework in Frameworks */ = {isa = PBXBuildFile; fileRef = 03C94E9218AF5799007AFC0E /* SDWebImage.framework */; };
		03C94E9518AF57C3007AFC0E /* ImageIO.framework in Frameworks */ = {isa = PBXBuildFile; fileRef = 03C94E9418AF57C3007AFC0E /* ImageIO.framework */; };
/* End PBXBuildFile section */

/* Begin PBXContainerItemProxy section */
		036E813818AF05870041C37F /* PBXContainerItemProxy */ = {
			isa = PBXContainerItemProxy;
			containerPortal = 036E810A18AF05860041C37F /* Project object */;
			proxyType = 1;
			remoteGlobalIDString = 036E811118AF05860041C37F;
			remoteInfo = Divvly;
		};
/* End PBXContainerItemProxy section */

/* Begin PBXFileReference section */
		0320524D18AF3AB8009BB045 /* DIVLoginViewController.h */ = {isa = PBXFileReference; fileEncoding = 4; lastKnownFileType = sourcecode.c.h; path = DIVLoginViewController.h; sourceTree = "<group>"; };
		0320524E18AF3AB8009BB045 /* DIVLoginViewController.m */ = {isa = PBXFileReference; fileEncoding = 4; lastKnownFileType = sourcecode.c.objc; path = DIVLoginViewController.m; sourceTree = "<group>"; };
		0320525018AF3E7A009BB045 /* DIVCameraViewController.h */ = {isa = PBXFileReference; fileEncoding = 4; lastKnownFileType = sourcecode.c.h; path = DIVCameraViewController.h; sourceTree = "<group>"; };
		0320525118AF3E7A009BB045 /* DIVCameraViewController.m */ = {isa = PBXFileReference; fileEncoding = 4; lastKnownFileType = sourcecode.c.objc; path = DIVCameraViewController.m; sourceTree = "<group>"; };
		036E811218AF05860041C37F /* Divvly.app */ = {isa = PBXFileReference; explicitFileType = wrapper.application; includeInIndex = 0; path = Divvly.app; sourceTree = BUILT_PRODUCTS_DIR; };
		036E811518AF05860041C37F /* Foundation.framework */ = {isa = PBXFileReference; lastKnownFileType = wrapper.framework; name = Foundation.framework; path = System/Library/Frameworks/Foundation.framework; sourceTree = SDKROOT; };
		036E811718AF05860041C37F /* CoreGraphics.framework */ = {isa = PBXFileReference; lastKnownFileType = wrapper.framework; name = CoreGraphics.framework; path = System/Library/Frameworks/CoreGraphics.framework; sourceTree = SDKROOT; };
		036E811918AF05860041C37F /* UIKit.framework */ = {isa = PBXFileReference; lastKnownFileType = wrapper.framework; name = UIKit.framework; path = System/Library/Frameworks/UIKit.framework; sourceTree = SDKROOT; };
		036E811D18AF05860041C37F /* Divvly-Info.plist */ = {isa = PBXFileReference; lastKnownFileType = text.plist.xml; path = "Divvly-Info.plist"; sourceTree = "<group>"; };
		036E811F18AF05860041C37F /* en */ = {isa = PBXFileReference; lastKnownFileType = text.plist.strings; name = en; path = en.lproj/InfoPlist.strings; sourceTree = "<group>"; };
		036E812118AF05860041C37F /* main.m */ = {isa = PBXFileReference; lastKnownFileType = sourcecode.c.objc; path = main.m; sourceTree = "<group>"; };
		036E812318AF05860041C37F /* Divvly-Prefix.pch */ = {isa = PBXFileReference; lastKnownFileType = sourcecode.c.h; path = "Divvly-Prefix.pch"; sourceTree = "<group>"; };
		036E812418AF05860041C37F /* DIVAppDelegate.h */ = {isa = PBXFileReference; lastKnownFileType = sourcecode.c.h; path = DIVAppDelegate.h; sourceTree = "<group>"; };
		036E812518AF05860041C37F /* DIVAppDelegate.m */ = {isa = PBXFileReference; lastKnownFileType = sourcecode.c.objc; path = DIVAppDelegate.m; sourceTree = "<group>"; };
		036E812818AF05860041C37F /* Base */ = {isa = PBXFileReference; lastKnownFileType = file.storyboard; name = Base; path = Base.lproj/Main.storyboard; sourceTree = "<group>"; };
		036E812D18AF05870041C37F /* Images.xcassets */ = {isa = PBXFileReference; lastKnownFileType = folder.assetcatalog; path = Images.xcassets; sourceTree = "<group>"; };
		036E813318AF05870041C37F /* DivvlyTests.xctest */ = {isa = PBXFileReference; explicitFileType = wrapper.cfbundle; includeInIndex = 0; path = DivvlyTests.xctest; sourceTree = BUILT_PRODUCTS_DIR; };
		036E813418AF05870041C37F /* XCTest.framework */ = {isa = PBXFileReference; lastKnownFileType = wrapper.framework; name = XCTest.framework; path = Library/Frameworks/XCTest.framework; sourceTree = DEVELOPER_DIR; };
		036E813C18AF05870041C37F /* DivvlyTests-Info.plist */ = {isa = PBXFileReference; lastKnownFileType = text.plist.xml; path = "DivvlyTests-Info.plist"; sourceTree = "<group>"; };
		036E813E18AF05870041C37F /* en */ = {isa = PBXFileReference; lastKnownFileType = text.plist.strings; name = en; path = en.lproj/InfoPlist.strings; sourceTree = "<group>"; };
		036E814018AF05870041C37F /* DivvlyTests.m */ = {isa = PBXFileReference; lastKnownFileType = sourcecode.c.objc; path = DivvlyTests.m; sourceTree = "<group>"; };
		036E814A18AF05930041C37F /* DIVVenmoIntegration.h */ = {isa = PBXFileReference; fileEncoding = 4; lastKnownFileType = sourcecode.c.h; name = DIVVenmoIntegration.h; path = ../DIVVenmoIntegration.h; sourceTree = "<group>"; };
		036E814B18AF05930041C37F /* DIVVenmoIntegration.m */ = {isa = PBXFileReference; fileEncoding = 4; lastKnownFileType = sourcecode.c.objc; name = DIVVenmoIntegration.m; path = ../DIVVenmoIntegration.m; sourceTree = "<group>"; };
		03C94E9218AF5799007AFC0E /* SDWebImage.framework */ = {isa = PBXFileReference; lastKnownFileType = wrapper.framework; path = SDWebImage.framework; sourceTree = "<group>"; };
		03C94E9418AF57C3007AFC0E /* ImageIO.framework */ = {isa = PBXFileReference; lastKnownFileType = wrapper.framework; name = ImageIO.framework; path = System/Library/Frameworks/ImageIO.framework; sourceTree = SDKROOT; };
/* End PBXFileReference section */

/* Begin PBXFrameworksBuildPhase section */
		036E810F18AF05860041C37F /* Frameworks */ = {
			isa = PBXFrameworksBuildPhase;
			buildActionMask = 2147483647;
			files = (
				03C94E9518AF57C3007AFC0E /* ImageIO.framework in Frameworks */,
				03C94E9318AF5799007AFC0E /* SDWebImage.framework in Frameworks */,
				036E811818AF05860041C37F /* CoreGraphics.framework in Frameworks */,
				036E811A18AF05860041C37F /* UIKit.framework in Frameworks */,
				036E811618AF05860041C37F /* Foundation.framework in Frameworks */,
			);
			runOnlyForDeploymentPostprocessing = 0;
		};
		036E813018AF05870041C37F /* Frameworks */ = {
			isa = PBXFrameworksBuildPhase;
			buildActionMask = 2147483647;
			files = (
				036E813518AF05870041C37F /* XCTest.framework in Frameworks */,
				036E813718AF05870041C37F /* UIKit.framework in Frameworks */,
				036E813618AF05870041C37F /* Foundation.framework in Frameworks */,
			);
			runOnlyForDeploymentPostprocessing = 0;
		};
/* End PBXFrameworksBuildPhase section */

/* Begin PBXGroup section */
		036E810918AF05860041C37F = {
			isa = PBXGroup;
			children = (
				036E811B18AF05860041C37F /* Divvly */,
				036E813A18AF05870041C37F /* DivvlyTests */,
				036E811418AF05860041C37F /* Frameworks */,
				036E811318AF05860041C37F /* Products */,
			);
			sourceTree = "<group>";
		};
		036E811318AF05860041C37F /* Products */ = {
			isa = PBXGroup;
			children = (
				036E811218AF05860041C37F /* Divvly.app */,
				036E813318AF05870041C37F /* DivvlyTests.xctest */,
			);
			name = Products;
			sourceTree = "<group>";
		};
		036E811418AF05860041C37F /* Frameworks */ = {
			isa = PBXGroup;
			children = (
				03C94E9418AF57C3007AFC0E /* ImageIO.framework */,
				03C94E9218AF5799007AFC0E /* SDWebImage.framework */,
				036E811518AF05860041C37F /* Foundation.framework */,
				036E811718AF05860041C37F /* CoreGraphics.framework */,
				036E811918AF05860041C37F /* UIKit.framework */,
				036E813418AF05870041C37F /* XCTest.framework */,
			);
			name = Frameworks;
			sourceTree = "<group>";
		};
		036E811B18AF05860041C37F /* Divvly */ = {
			isa = PBXGroup;
			children = (
				036E812418AF05860041C37F /* DIVAppDelegate.h */,
				036E812518AF05860041C37F /* DIVAppDelegate.m */,
				036E812718AF05860041C37F /* Main.storyboard */,
				036E814D18AF059B0041C37F /* Integration Files */,
				036E812D18AF05870041C37F /* Images.xcassets */,
				036E811C18AF05860041C37F /* Supporting Files */,
				0320524D18AF3AB8009BB045 /* DIVLoginViewController.h */,
				0320524E18AF3AB8009BB045 /* DIVLoginViewController.m */,
				0320525018AF3E7A009BB045 /* DIVCameraViewController.h */,
				0320525118AF3E7A009BB045 /* DIVCameraViewController.m */,
			);
			path = Divvly;
			sourceTree = "<group>";
		};
		036E811C18AF05860041C37F /* Supporting Files */ = {
			isa = PBXGroup;
			children = (
				036E811D18AF05860041C37F /* Divvly-Info.plist */,
				036E811E18AF05860041C37F /* InfoPlist.strings */,
				036E812118AF05860041C37F /* main.m */,
				036E812318AF05860041C37F /* Divvly-Prefix.pch */,
			);
			name = "Supporting Files";
			sourceTree = "<group>";
		};
		036E813A18AF05870041C37F /* DivvlyTests */ = {
			isa = PBXGroup;
			children = (
				036E814018AF05870041C37F /* DivvlyTests.m */,
				036E813B18AF05870041C37F /* Supporting Files */,
			);
			path = DivvlyTests;
			sourceTree = "<group>";
		};
		036E813B18AF05870041C37F /* Supporting Files */ = {
			isa = PBXGroup;
			children = (
				036E813C18AF05870041C37F /* DivvlyTests-Info.plist */,
				036E813D18AF05870041C37F /* InfoPlist.strings */,
			);
			name = "Supporting Files";
			sourceTree = "<group>";
		};
		036E814D18AF059B0041C37F /* Integration Files */ = {
			isa = PBXGroup;
			children = (
				036E814A18AF05930041C37F /* DIVVenmoIntegration.h */,
				036E814B18AF05930041C37F /* DIVVenmoIntegration.m */,
			);
			name = "Integration Files";
			sourceTree = "<group>";
		};
/* End PBXGroup section */

/* Begin PBXNativeTarget section */
		036E811118AF05860041C37F /* Divvly */ = {
			isa = PBXNativeTarget;
			buildConfigurationList = 036E814418AF05870041C37F /* Build configuration list for PBXNativeTarget "Divvly" */;
			buildPhases = (
				036E810E18AF05860041C37F /* Sources */,
				036E810F18AF05860041C37F /* Frameworks */,
				036E811018AF05860041C37F /* Resources */,
			);
			buildRules = (
			);
			dependencies = (
			);
			name = Divvly;
			productName = Divvly;
			productReference = 036E811218AF05860041C37F /* Divvly.app */;
			productType = "com.apple.product-type.application";
		};
		036E813218AF05870041C37F /* DivvlyTests */ = {
			isa = PBXNativeTarget;
			buildConfigurationList = 036E814718AF05870041C37F /* Build configuration list for PBXNativeTarget "DivvlyTests" */;
			buildPhases = (
				036E812F18AF05870041C37F /* Sources */,
				036E813018AF05870041C37F /* Frameworks */,
				036E813118AF05870041C37F /* Resources */,
			);
			buildRules = (
			);
			dependencies = (
				036E813918AF05870041C37F /* PBXTargetDependency */,
			);
			name = DivvlyTests;
			productName = DivvlyTests;
			productReference = 036E813318AF05870041C37F /* DivvlyTests.xctest */;
			productType = "com.apple.product-type.bundle.unit-test";
		};
/* End PBXNativeTarget section */

/* Begin PBXProject section */
		036E810A18AF05860041C37F /* Project object */ = {
			isa = PBXProject;
			attributes = {
				CLASSPREFIX = DIV;
				LastUpgradeCheck = 0500;
				ORGANIZATIONNAME = "Peter and Josh Ventures";
				TargetAttributes = {
					036E813218AF05870041C37F = {
						TestTargetID = 036E811118AF05860041C37F;
					};
				};
			};
			buildConfigurationList = 036E810D18AF05860041C37F /* Build configuration list for PBXProject "Divvly" */;
			compatibilityVersion = "Xcode 3.2";
			developmentRegion = English;
			hasScannedForEncodings = 0;
			knownRegions = (
				en,
				Base,
			);
			mainGroup = 036E810918AF05860041C37F;
			productRefGroup = 036E811318AF05860041C37F /* Products */;
			projectDirPath = "";
			projectRoot = "";
			targets = (
				036E811118AF05860041C37F /* Divvly */,
				036E813218AF05870041C37F /* DivvlyTests */,
			);
		};
/* End PBXProject section */

/* Begin PBXResourcesBuildPhase section */
		036E811018AF05860041C37F /* Resources */ = {
			isa = PBXResourcesBuildPhase;
			buildActionMask = 2147483647;
			files = (
				036E812E18AF05870041C37F /* Images.xcassets in Resources */,
				036E812018AF05860041C37F /* InfoPlist.strings in Resources */,
				036E812918AF05860041C37F /* Main.storyboard in Resources */,
			);
			runOnlyForDeploymentPostprocessing = 0;
		};
		036E813118AF05870041C37F /* Resources */ = {
			isa = PBXResourcesBuildPhase;
			buildActionMask = 2147483647;
			files = (
				036E813F18AF05870041C37F /* InfoPlist.strings in Resources */,
			);
			runOnlyForDeploymentPostprocessing = 0;
		};
/* End PBXResourcesBuildPhase section */

/* Begin PBXSourcesBuildPhase section */
		036E810E18AF05860041C37F /* Sources */ = {
			isa = PBXSourcesBuildPhase;
			buildActionMask = 2147483647;
			files = (
				0320525218AF3E7A009BB045 /* DIVCameraViewController.m in Sources */,
				036E814C18AF05930041C37F /* DIVVenmoIntegration.m in Sources */,
				036E812618AF05860041C37F /* DIVAppDelegate.m in Sources */,
				0320524F18AF3AB8009BB045 /* DIVLoginViewController.m in Sources */,
				036E812218AF05860041C37F /* main.m in Sources */,
			);
			runOnlyForDeploymentPostprocessing = 0;
		};
		036E812F18AF05870041C37F /* Sources */ = {
			isa = PBXSourcesBuildPhase;
			buildActionMask = 2147483647;
			files = (
				036E814118AF05870041C37F /* DivvlyTests.m in Sources */,
			);
			runOnlyForDeploymentPostprocessing = 0;
		};
/* End PBXSourcesBuildPhase section */

/* Begin PBXTargetDependency section */
		036E813918AF05870041C37F /* PBXTargetDependency */ = {
			isa = PBXTargetDependency;
			target = 036E811118AF05860041C37F /* Divvly */;
			targetProxy = 036E813818AF05870041C37F /* PBXContainerItemProxy */;
		};
/* End PBXTargetDependency section */

/* Begin PBXVariantGroup section */
		036E811E18AF05860041C37F /* InfoPlist.strings */ = {
			isa = PBXVariantGroup;
			children = (
				036E811F18AF05860041C37F /* en */,
			);
			name = InfoPlist.strings;
			sourceTree = "<group>";
		};
		036E812718AF05860041C37F /* Main.storyboard */ = {
			isa = PBXVariantGroup;
			children = (
				036E812818AF05860041C37F /* Base */,
			);
			name = Main.storyboard;
			sourceTree = "<group>";
		};
		036E813D18AF05870041C37F /* InfoPlist.strings */ = {
			isa = PBXVariantGroup;
			children = (
				036E813E18AF05870041C37F /* en */,
			);
			name = InfoPlist.strings;
			sourceTree = "<group>";
		};
/* End PBXVariantGroup section */

/* Begin XCBuildConfiguration section */
		036E814218AF05870041C37F /* Debug */ = {
			isa = XCBuildConfiguration;
			buildSettings = {
				ALWAYS_SEARCH_USER_PATHS = NO;
				ARCHS = "$(ARCHS_STANDARD_INCLUDING_64_BIT)";
				CLANG_CXX_LANGUAGE_STANDARD = "gnu++0x";
				CLANG_CXX_LIBRARY = "libc++";
				CLANG_ENABLE_MODULES = YES;
				CLANG_ENABLE_OBJC_ARC = YES;
				CLANG_WARN_BOOL_CONVERSION = YES;
				CLANG_WARN_CONSTANT_CONVERSION = YES;
				CLANG_WARN_DIRECT_OBJC_ISA_USAGE = YES_ERROR;
				CLANG_WARN_EMPTY_BODY = YES;
				CLANG_WARN_ENUM_CONVERSION = YES;
				CLANG_WARN_INT_CONVERSION = YES;
				CLANG_WARN_OBJC_ROOT_CLASS = YES_ERROR;
				CLANG_WARN__DUPLICATE_METHOD_MATCH = YES;
				"CODE_SIGN_IDENTITY[sdk=iphoneos*]" = "iPhone Developer";
				COPY_PHASE_STRIP = NO;
				GCC_C_LANGUAGE_STANDARD = gnu99;
				GCC_DYNAMIC_NO_PIC = NO;
				GCC_OPTIMIZATION_LEVEL = 0;
				GCC_PREPROCESSOR_DEFINITIONS = (
					"DEBUG=1",
					"$(inherited)",
				);
				GCC_SYMBOLS_PRIVATE_EXTERN = NO;
				GCC_WARN_64_TO_32_BIT_CONVERSION = YES;
				GCC_WARN_ABOUT_RETURN_TYPE = YES_ERROR;
				GCC_WARN_UNDECLARED_SELECTOR = YES;
				GCC_WARN_UNINITIALIZED_AUTOS = YES;
				GCC_WARN_UNUSED_FUNCTION = YES;
				GCC_WARN_UNUSED_VARIABLE = YES;
				IPHONEOS_DEPLOYMENT_TARGET = 7.0;
				ONLY_ACTIVE_ARCH = YES;
				SDKROOT = iphoneos;
			};
			name = Debug;
		};
		036E814318AF05870041C37F /* Release */ = {
			isa = XCBuildConfiguration;
			buildSettings = {
				ALWAYS_SEARCH_USER_PATHS = NO;
				ARCHS = "$(ARCHS_STANDARD_INCLUDING_64_BIT)";
				CLANG_CXX_LANGUAGE_STANDARD = "gnu++0x";
				CLANG_CXX_LIBRARY = "libc++";
				CLANG_ENABLE_MODULES = YES;
				CLANG_ENABLE_OBJC_ARC = YES;
				CLANG_WARN_BOOL_CONVERSION = YES;
				CLANG_WARN_CONSTANT_CONVERSION = YES;
				CLANG_WARN_DIRECT_OBJC_ISA_USAGE = YES_ERROR;
				CLANG_WARN_EMPTY_BODY = YES;
				CLANG_WARN_ENUM_CONVERSION = YES;
				CLANG_WARN_INT_CONVERSION = YES;
				CLANG_WARN_OBJC_ROOT_CLASS = YES_ERROR;
				CLANG_WARN__DUPLICATE_METHOD_MATCH = YES;
				"CODE_SIGN_IDENTITY[sdk=iphoneos*]" = "iPhone Developer";
				COPY_PHASE_STRIP = YES;
				ENABLE_NS_ASSERTIONS = NO;
				GCC_C_LANGUAGE_STANDARD = gnu99;
				GCC_WARN_64_TO_32_BIT_CONVERSION = YES;
				GCC_WARN_ABOUT_RETURN_TYPE = YES_ERROR;
				GCC_WARN_UNDECLARED_SELECTOR = YES;
				GCC_WARN_UNINITIALIZED_AUTOS = YES;
				GCC_WARN_UNUSED_FUNCTION = YES;
				GCC_WARN_UNUSED_VARIABLE = YES;
				IPHONEOS_DEPLOYMENT_TARGET = 7.0;
				SDKROOT = iphoneos;
				VALIDATE_PRODUCT = YES;
			};
			name = Release;
		};
		036E814518AF05870041C37F /* Debug */ = {
			isa = XCBuildConfiguration;
			buildSettings = {
				ASSETCATALOG_COMPILER_APPICON_NAME = AppIcon;
				ASSETCATALOG_COMPILER_LAUNCHIMAGE_NAME = LaunchImage;
				FRAMEWORK_SEARCH_PATHS = (
					"$(inherited)",
					/Users/Josh/Desktop/PennApps/PennAppsSpring2014/PennApps2014s/iOS/Divvly,
				);
				GCC_PRECOMPILE_PREFIX_HEADER = YES;
				GCC_PREFIX_HEADER = "Divvly/Divvly-Prefix.pch";
				INFOPLIST_FILE = "Divvly/Divvly-Info.plist";
				OTHER_LDFLAGS = "-ObjC";
				PRODUCT_NAME = "$(TARGET_NAME)";
				WRAPPER_EXTENSION = app;
			};
			name = Debug;
		};
		036E814618AF05870041C37F /* Release */ = {
			isa = XCBuildConfiguration;
			buildSettings = {
				ASSETCATALOG_COMPILER_APPICON_NAME = AppIcon;
				ASSETCATALOG_COMPILER_LAUNCHIMAGE_NAME = LaunchImage;
				FRAMEWORK_SEARCH_PATHS = (
					"$(inherited)",
					/Users/Josh/Desktop/PennApps/PennAppsSpring2014/PennApps2014s/iOS/Divvly,
				);
				GCC_PRECOMPILE_PREFIX_HEADER = YES;
				GCC_PREFIX_HEADER = "Divvly/Divvly-Prefix.pch";
				INFOPLIST_FILE = "Divvly/Divvly-Info.plist";
				OTHER_LDFLAGS = "-ObjC";
				PRODUCT_NAME = "$(TARGET_NAME)";
				WRAPPER_EXTENSION = app;
			};
			name = Release;
		};
		036E814818AF05870041C37F /* Debug */ = {
			isa = XCBuildConfiguration;
			buildSettings = {
				ARCHS = "$(ARCHS_STANDARD_INCLUDING_64_BIT)";
				BUNDLE_LOADER = "$(BUILT_PRODUCTS_DIR)/Divvly.app/Divvly";
				FRAMEWORK_SEARCH_PATHS = (
					"$(SDKROOT)/Developer/Library/Frameworks",
					"$(inherited)",
					"$(DEVELOPER_FRAMEWORKS_DIR)",
				);
				GCC_PRECOMPILE_PREFIX_HEADER = YES;
				GCC_PREFIX_HEADER = "Divvly/Divvly-Prefix.pch";
				GCC_PREPROCESSOR_DEFINITIONS = (
					"DEBUG=1",
					"$(inherited)",
				);
				INFOPLIST_FILE = "DivvlyTests/DivvlyTests-Info.plist";
				PRODUCT_NAME = "$(TARGET_NAME)";
				TEST_HOST = "$(BUNDLE_LOADER)";
				WRAPPER_EXTENSION = xctest;
			};
			name = Debug;
		};
		036E814918AF05870041C37F /* Release */ = {
			isa = XCBuildConfiguration;
			buildSettings = {
				ARCHS = "$(ARCHS_STANDARD_INCLUDING_64_BIT)";
				BUNDLE_LOADER = "$(BUILT_PRODUCTS_DIR)/Divvly.app/Divvly";
				FRAMEWORK_SEARCH_PATHS = (
					"$(SDKROOT)/Developer/Library/Frameworks",
					"$(inherited)",
					"$(DEVELOPER_FRAMEWORKS_DIR)",
				);
				GCC_PRECOMPILE_PREFIX_HEADER = YES;
				GCC_PREFIX_HEADER = "Divvly/Divvly-Prefix.pch";
				INFOPLIST_FILE = "DivvlyTests/DivvlyTests-Info.plist";
				PRODUCT_NAME = "$(TARGET_NAME)";
				TEST_HOST = "$(BUNDLE_LOADER)";
				WRAPPER_EXTENSION = xctest;
			};
			name = Release;
		};
/* End XCBuildConfiguration section */

/* Begin XCConfigurationList section */
		036E810D18AF05860041C37F /* Build configuration list for PBXProject "Divvly" */ = {
			isa = XCConfigurationList;
			buildConfigurations = (
				036E814218AF05870041C37F /* Debug */,
				036E814318AF05870041C37F /* Release */,
			);
			defaultConfigurationIsVisible = 0;
			defaultConfigurationName = Release;
		};
		036E814418AF05870041C37F /* Build configuration list for PBXNativeTarget "Divvly" */ = {
			isa = XCConfigurationList;
			buildConfigurations = (
				036E814518AF05870041C37F /* Debug */,
				036E814618AF05870041C37F /* Release */,
			);
			defaultConfigurationIsVisible = 0;
			defaultConfigurationName = Release;
		};
		036E814718AF05870041C37F /* Build configuration list for PBXNativeTarget "DivvlyTests" */ = {
			isa = XCConfigurationList;
			buildConfigurations = (
				036E814818AF05870041C37F /* Debug */,
				036E814918AF05870041C37F /* Release */,
			);
			defaultConfigurationIsVisible = 0;
			defaultConfigurationName = Release;
		};
/* End XCConfigurationList section */
	};
	rootObject = 036E810A18AF05860041C37F /* Project object */;
}
