// !$*UTF8*$!
{
	archiveVersion = 1;
	classes = {
	};
	objectVersion = 46;
	objects = {

/* Begin PBXBuildFile section */
		0320524F18AF3AB8009BB045 /* DIVLoginViewController.m in Sources */ = {isa = PBXBuildFile; fileRef = 0320524E18AF3AB8009BB045 /* DIVLoginViewController.m */; };
		0320525218AF3E7A009BB045 /* DIVCameraViewController.m in Sources */ = {isa = PBXBuildFile; fileRef = 0320525118AF3E7A009BB045 /* DIVCameraViewController.m */; };
		036E811618AF05860041C37F /* Foundation.framework in Frameworks */ = {isa = PBXBuildFile; fileRef = 036E811518AF05860041C37F /* Foundation.framework */; };
		036E811818AF05860041C37F /* CoreGraphics.framework in Frameworks */ = {isa = PBXBuildFile; fileRef = 036E811718AF05860041C37F /* CoreGraphics.framework */; };
		036E811A18AF05860041C37F /* UIKit.framework in Frameworks */ = {isa = PBXBuildFile; fileRef = 036E811918AF05860041C37F /* UIKit.framework */; };
		036E812018AF05860041C37F /* InfoPlist.strings in Resources */ = {isa = PBXBuildFile; fileRef = 036E811E18AF05860041C37F /* InfoPlist.strings */; };
		036E812218AF05860041C37F /* main.m in Sources */ = {isa = PBXBuildFile; fileRef = 036E812118AF05860041C37F /* main.m */; };
		036E812618AF05860041C37F /* DIVAppDelegate.m in Sources */ = {isa = PBXBuildFile; fileRef = 036E812518AF05860041C37F /* DIVAppDelegate.m */; };
		036E812918AF05860041C37F /* Main.storyboard in Resources */ = {isa = PBXBuildFile; fileRef = 036E812718AF05860041C37F /* Main.storyboard */; };
		036E812E18AF05870041C37F /* Images.xcassets in Resources */ = {isa = PBXBuildFile; fileRef = 036E812D18AF05870041C37F /* Images.xcassets */; };
		036E813518AF05870041C37F /* XCTest.framework in Frameworks */ = {isa = PBXBuildFile; fileRef = 036E813418AF05870041C37F /* XCTest.framework */; };
		036E813618AF05870041C37F /* Foundation.framework in Frameworks */ = {isa = PBXBuildFile; fileRef = 036E811518AF05860041C37F /* Foundation.framework */; };
		036E813718AF05870041C37F /* UIKit.framework in Frameworks */ = {isa = PBXBuildFile; fileRef = 036E811918AF05860041C37F /* UIKit.framework */; };
		036E813F18AF05870041C37F /* InfoPlist.strings in Resources */ = {isa = PBXBuildFile; fileRef = 036E813D18AF05870041C37F /* InfoPlist.strings */; };
		036E814118AF05870041C37F /* DivvlyTests.m in Sources */ = {isa = PBXBuildFile; fileRef = 036E814018AF05870041C37F /* DivvlyTests.m */; };
		036E814C18AF05930041C37F /* DIVVenmoIntegration.m in Sources */ = {isa = PBXBuildFile; fileRef = 036E814B18AF05930041C37F /* DIVVenmoIntegration.m */; };
		038F453918AF73C200B2878F /* .gitignore in Resources */ = {isa = PBXBuildFile; fileRef = 038F449C18AF73C200B2878F /* .gitignore */; };
		038F453A18AF73C200B2878F /* liblept.a in Frameworks */ = {isa = PBXBuildFile; fileRef = 038F453018AF73C200B2878F /* liblept.a */; };
		038F453B18AF73C200B2878F /* libtesseract_all.a in Frameworks */ = {isa = PBXBuildFile; fileRef = 038F453118AF73C200B2878F /* libtesseract_all.a */; };
		038F453C18AF73C200B2878F /* README.md in Resources */ = {isa = PBXBuildFile; fileRef = 038F453218AF73C200B2878F /* README.md */; };
		038F453D18AF73C200B2878F /* Tesseract.mm in Sources */ = {isa = PBXBuildFile; fileRef = 038F453618AF73C200B2878F /* Tesseract.mm */; };
		038F453E18AF73C200B2878F /* LICENSE in Resources */ = {isa = PBXBuildFile; fileRef = 038F453718AF73C200B2878F /* LICENSE */; };
		038F453F18AF73C200B2878F /* README.md in Resources */ = {isa = PBXBuildFile; fileRef = 038F453818AF73C200B2878F /* README.md */; };
		038F454318AF757800B2878F /* photo-capture.png in Resources */ = {isa = PBXBuildFile; fileRef = 038F454218AF757800B2878F /* photo-capture.png */; };
		03A02F2B18AF7AF400FCCAA5 /* QuartzCore.framework in Frameworks */ = {isa = PBXBuildFile; fileRef = 03A02F2A18AF7AF400FCCAA5 /* QuartzCore.framework */; };
		03C94E9518AF57C3007AFC0E /* ImageIO.framework in Frameworks */ = {isa = PBXBuildFile; fileRef = 03C94E9418AF57C3007AFC0E /* ImageIO.framework */; };
		588E2BCE18AF5E8E00108480 /* SDWebImage.framework in Frameworks */ = {isa = PBXBuildFile; fileRef = 03C94E9218AF5799007AFC0E /* SDWebImage.framework */; };
		588E2D6118AF64DF00108480 /* button.png in Resources */ = {isa = PBXBuildFile; fileRef = 588E2D5E18AF64DF00108480 /* button.png */; };
		588E2D6218AF64DF00108480 /* login.html in Resources */ = {isa = PBXBuildFile; fileRef = 588E2D5F18AF64DF00108480 /* login.html */; };
		588E2D6318AF64DF00108480 /* login.jpg in Resources */ = {isa = PBXBuildFile; fileRef = 588E2D6018AF64DF00108480 /* login.jpg */; };
		588E2D6618AF696F00108480 /* AVFoundation.framework in Frameworks */ = {isa = PBXBuildFile; fileRef = 588E2D6518AF696F00108480 /* AVFoundation.framework */; };
		588E2D6818AF7F4F00108480 /* tessdata in Resources */ = {isa = PBXBuildFile; fileRef = 588E2D6718AF7F4F00108480 /* tessdata */; };
		588E2D6A18AF926900108480 /* image_sample.jpg in Resources */ = {isa = PBXBuildFile; fileRef = 588E2D6918AF926900108480 /* image_sample.jpg */; };
		588E2D6C18AF95B900108480 /* image_2.png in Resources */ = {isa = PBXBuildFile; fileRef = 588E2D6B18AF95B900108480 /* image_2.png */; };
		588E2D6E18AFA10D00108480 /* photo.PNG in Resources */ = {isa = PBXBuildFile; fileRef = 588E2D6D18AFA10D00108480 /* photo.PNG */; };
/* End PBXBuildFile section */

/* Begin PBXContainerItemProxy section */
		036E813818AF05870041C37F /* PBXContainerItemProxy */ = {
			isa = PBXContainerItemProxy;
			containerPortal = 036E810A18AF05860041C37F /* Project object */;
			proxyType = 1;
			remoteGlobalIDString = 036E811118AF05860041C37F;
			remoteInfo = Divvly;
		};
/* End PBXContainerItemProxy section */

/* Begin PBXFileReference section */
		0320524D18AF3AB8009BB045 /* DIVLoginViewController.h */ = {isa = PBXFileReference; fileEncoding = 4; lastKnownFileType = sourcecode.c.h; path = DIVLoginViewController.h; sourceTree = "<group>"; };
		0320524E18AF3AB8009BB045 /* DIVLoginViewController.m */ = {isa = PBXFileReference; fileEncoding = 4; lastKnownFileType = sourcecode.c.objc; path = DIVLoginViewController.m; sourceTree = "<group>"; };
		0320525018AF3E7A009BB045 /* DIVCameraViewController.h */ = {isa = PBXFileReference; fileEncoding = 4; lastKnownFileType = sourcecode.c.h; path = DIVCameraViewController.h; sourceTree = "<group>"; };
		0320525118AF3E7A009BB045 /* DIVCameraViewController.m */ = {isa = PBXFileReference; fileEncoding = 4; lastKnownFileType = sourcecode.c.objc; path = DIVCameraViewController.m; sourceTree = "<group>"; };
		036E811218AF05860041C37F /* Divvly.app */ = {isa = PBXFileReference; explicitFileType = wrapper.application; includeInIndex = 0; path = Divvly.app; sourceTree = BUILT_PRODUCTS_DIR; };
		036E811518AF05860041C37F /* Foundation.framework */ = {isa = PBXFileReference; lastKnownFileType = wrapper.framework; name = Foundation.framework; path = System/Library/Frameworks/Foundation.framework; sourceTree = SDKROOT; };
		036E811718AF05860041C37F /* CoreGraphics.framework */ = {isa = PBXFileReference; lastKnownFileType = wrapper.framework; name = CoreGraphics.framework; path = System/Library/Frameworks/CoreGraphics.framework; sourceTree = SDKROOT; };
		036E811918AF05860041C37F /* UIKit.framework */ = {isa = PBXFileReference; lastKnownFileType = wrapper.framework; name = UIKit.framework; path = System/Library/Frameworks/UIKit.framework; sourceTree = SDKROOT; };
		036E811D18AF05860041C37F /* Divvly-Info.plist */ = {isa = PBXFileReference; lastKnownFileType = text.plist.xml; path = "Divvly-Info.plist"; sourceTree = "<group>"; };
		036E811F18AF05860041C37F /* en */ = {isa = PBXFileReference; lastKnownFileType = text.plist.strings; name = en; path = en.lproj/InfoPlist.strings; sourceTree = "<group>"; };
		036E812118AF05860041C37F /* main.m */ = {isa = PBXFileReference; lastKnownFileType = sourcecode.c.objc; path = main.m; sourceTree = "<group>"; };
		036E812318AF05860041C37F /* Divvly-Prefix.pch */ = {isa = PBXFileReference; lastKnownFileType = sourcecode.c.h; path = "Divvly-Prefix.pch"; sourceTree = "<group>"; };
		036E812418AF05860041C37F /* DIVAppDelegate.h */ = {isa = PBXFileReference; lastKnownFileType = sourcecode.c.h; path = DIVAppDelegate.h; sourceTree = "<group>"; };
		036E812518AF05860041C37F /* DIVAppDelegate.m */ = {isa = PBXFileReference; lastKnownFileType = sourcecode.c.objc; path = DIVAppDelegate.m; sourceTree = "<group>"; };
		036E812818AF05860041C37F /* Base */ = {isa = PBXFileReference; lastKnownFileType = file.storyboard; name = Base; path = Base.lproj/Main.storyboard; sourceTree = "<group>"; };
		036E812D18AF05870041C37F /* Images.xcassets */ = {isa = PBXFileReference; lastKnownFileType = folder.assetcatalog; path = Images.xcassets; sourceTree = "<group>"; };
		036E813318AF05870041C37F /* DivvlyTests.xctest */ = {isa = PBXFileReference; explicitFileType = wrapper.cfbundle; includeInIndex = 0; path = DivvlyTests.xctest; sourceTree = BUILT_PRODUCTS_DIR; };
		036E813418AF05870041C37F /* XCTest.framework */ = {isa = PBXFileReference; lastKnownFileType = wrapper.framework; name = XCTest.framework; path = Library/Frameworks/XCTest.framework; sourceTree = DEVELOPER_DIR; };
		036E813C18AF05870041C37F /* DivvlyTests-Info.plist */ = {isa = PBXFileReference; lastKnownFileType = text.plist.xml; path = "DivvlyTests-Info.plist"; sourceTree = "<group>"; };
		036E813E18AF05870041C37F /* en */ = {isa = PBXFileReference; lastKnownFileType = text.plist.strings; name = en; path = en.lproj/InfoPlist.strings; sourceTree = "<group>"; };
		036E814018AF05870041C37F /* DivvlyTests.m */ = {isa = PBXFileReference; lastKnownFileType = sourcecode.c.objc; path = DivvlyTests.m; sourceTree = "<group>"; };
		036E814A18AF05930041C37F /* DIVVenmoIntegration.h */ = {isa = PBXFileReference; fileEncoding = 4; lastKnownFileType = sourcecode.c.h; name = DIVVenmoIntegration.h; path = ../DIVVenmoIntegration.h; sourceTree = "<group>"; };
		036E814B18AF05930041C37F /* DIVVenmoIntegration.m */ = {isa = PBXFileReference; fileEncoding = 4; lastKnownFileType = sourcecode.c.objc; name = DIVVenmoIntegration.m; path = ../DIVVenmoIntegration.m; sourceTree = "<group>"; };
		038F449C18AF73C200B2878F /* .gitignore */ = {isa = PBXFileReference; fileEncoding = 4; lastKnownFileType = text; path = .gitignore; sourceTree = "<group>"; };
		038F449F18AF73C200B2878F /* allheaders.h */ = {isa = PBXFileReference; fileEncoding = 4; lastKnownFileType = sourcecode.c.h; path = allheaders.h; sourceTree = "<group>"; };
		038F44A018AF73C200B2878F /* alltypes.h */ = {isa = PBXFileReference; fileEncoding = 4; lastKnownFileType = sourcecode.c.h; path = alltypes.h; sourceTree = "<group>"; };
		038F44A118AF73C200B2878F /* array.h */ = {isa = PBXFileReference; fileEncoding = 4; lastKnownFileType = sourcecode.c.h; path = array.h; sourceTree = "<group>"; };
		038F44A218AF73C200B2878F /* arrayaccess.h */ = {isa = PBXFileReference; fileEncoding = 4; lastKnownFileType = sourcecode.c.h; path = arrayaccess.h; sourceTree = "<group>"; };
		038F44A318AF73C200B2878F /* bbuffer.h */ = {isa = PBXFileReference; fileEncoding = 4; lastKnownFileType = sourcecode.c.h; path = bbuffer.h; sourceTree = "<group>"; };
		038F44A418AF73C200B2878F /* bmf.h */ = {isa = PBXFileReference; fileEncoding = 4; lastKnownFileType = sourcecode.c.h; path = bmf.h; sourceTree = "<group>"; };
		038F44A518AF73C200B2878F /* bmp.h */ = {isa = PBXFileReference; fileEncoding = 4; lastKnownFileType = sourcecode.c.h; path = bmp.h; sourceTree = "<group>"; };
		038F44A618AF73C200B2878F /* ccbord.h */ = {isa = PBXFileReference; fileEncoding = 4; lastKnownFileType = sourcecode.c.h; path = ccbord.h; sourceTree = "<group>"; };
		038F44A718AF73C200B2878F /* dewarp.h */ = {isa = PBXFileReference; fileEncoding = 4; lastKnownFileType = sourcecode.c.h; path = dewarp.h; sourceTree = "<group>"; };
		038F44A818AF73C200B2878F /* endianness.h */ = {isa = PBXFileReference; fileEncoding = 4; lastKnownFileType = sourcecode.c.h; path = endianness.h; sourceTree = "<group>"; };
		038F44A918AF73C200B2878F /* environ.h */ = {isa = PBXFileReference; fileEncoding = 4; lastKnownFileType = sourcecode.c.h; path = environ.h; sourceTree = "<group>"; };
		038F44AA18AF73C200B2878F /* freetype.h */ = {isa = PBXFileReference; fileEncoding = 4; lastKnownFileType = sourcecode.c.h; path = freetype.h; sourceTree = "<group>"; };
		038F44AB18AF73C200B2878F /* gplot.h */ = {isa = PBXFileReference; fileEncoding = 4; lastKnownFileType = sourcecode.c.h; path = gplot.h; sourceTree = "<group>"; };
		038F44AC18AF73C200B2878F /* heap.h */ = {isa = PBXFileReference; fileEncoding = 4; lastKnownFileType = sourcecode.c.h; path = heap.h; sourceTree = "<group>"; };
		038F44AD18AF73C200B2878F /* imageio.h */ = {isa = PBXFileReference; fileEncoding = 4; lastKnownFileType = sourcecode.c.h; path = imageio.h; sourceTree = "<group>"; };
		038F44AE18AF73C200B2878F /* jbclass.h */ = {isa = PBXFileReference; fileEncoding = 4; lastKnownFileType = sourcecode.c.h; path = jbclass.h; sourceTree = "<group>"; };
		038F44AF18AF73C200B2878F /* leptwin.h */ = {isa = PBXFileReference; fileEncoding = 4; lastKnownFileType = sourcecode.c.h; path = leptwin.h; sourceTree = "<group>"; };
		038F44B018AF73C200B2878F /* list.h */ = {isa = PBXFileReference; fileEncoding = 4; lastKnownFileType = sourcecode.c.h; path = list.h; sourceTree = "<group>"; };
		038F44B118AF73C200B2878F /* morph.h */ = {isa = PBXFileReference; fileEncoding = 4; lastKnownFileType = sourcecode.c.h; path = morph.h; sourceTree = "<group>"; };
		038F44B218AF73C200B2878F /* pix.h */ = {isa = PBXFileReference; fileEncoding = 4; lastKnownFileType = sourcecode.c.h; path = pix.h; sourceTree = "<group>"; };
		038F44B318AF73C200B2878F /* ptra.h */ = {isa = PBXFileReference; fileEncoding = 4; lastKnownFileType = sourcecode.c.h; path = ptra.h; sourceTree = "<group>"; };
		038F44B418AF73C200B2878F /* queue.h */ = {isa = PBXFileReference; fileEncoding = 4; lastKnownFileType = sourcecode.c.h; path = queue.h; sourceTree = "<group>"; };
		038F44B518AF73C200B2878F /* readbarcode.h */ = {isa = PBXFileReference; fileEncoding = 4; lastKnownFileType = sourcecode.c.h; path = readbarcode.h; sourceTree = "<group>"; };
		038F44B618AF73C200B2878F /* regutils.h */ = {isa = PBXFileReference; fileEncoding = 4; lastKnownFileType = sourcecode.c.h; path = regutils.h; sourceTree = "<group>"; };
		038F44B718AF73C200B2878F /* stack.h */ = {isa = PBXFileReference; fileEncoding = 4; lastKnownFileType = sourcecode.c.h; path = stack.h; sourceTree = "<group>"; };
		038F44B818AF73C200B2878F /* sudoku.h */ = {isa = PBXFileReference; fileEncoding = 4; lastKnownFileType = sourcecode.c.h; path = sudoku.h; sourceTree = "<group>"; };
		038F44B918AF73C200B2878F /* watershed.h */ = {isa = PBXFileReference; fileEncoding = 4; lastKnownFileType = sourcecode.c.h; path = watershed.h; sourceTree = "<group>"; };
		038F44BB18AF73C200B2878F /* ambigs.h */ = {isa = PBXFileReference; fileEncoding = 4; lastKnownFileType = sourcecode.c.h; path = ambigs.h; sourceTree = "<group>"; };
		038F44BC18AF73C200B2878F /* apitypes.h */ = {isa = PBXFileReference; fileEncoding = 4; lastKnownFileType = sourcecode.c.h; path = apitypes.h; sourceTree = "<group>"; };
		038F44BD18AF73C200B2878F /* baseapi.h */ = {isa = PBXFileReference; fileEncoding = 4; lastKnownFileType = sourcecode.c.h; path = baseapi.h; sourceTree = "<group>"; };
		038F44BE18AF73C200B2878F /* basedir.h */ = {isa = PBXFileReference; fileEncoding = 4; lastKnownFileType = sourcecode.c.h; path = basedir.h; sourceTree = "<group>"; };
		038F44BF18AF73C200B2878F /* bits16.h */ = {isa = PBXFileReference; fileEncoding = 4; lastKnownFileType = sourcecode.c.h; path = bits16.h; sourceTree = "<group>"; };
		038F44C018AF73C200B2878F /* bitvector.h */ = {isa = PBXFileReference; fileEncoding = 4; lastKnownFileType = sourcecode.c.h; path = bitvector.h; sourceTree = "<group>"; };
		038F44C118AF73C200B2878F /* blckerr.h */ = {isa = PBXFileReference; fileEncoding = 4; lastKnownFileType = sourcecode.c.h; path = blckerr.h; sourceTree = "<group>"; };
		038F44C218AF73C200B2878F /* blobbox.h */ = {isa = PBXFileReference; fileEncoding = 4; lastKnownFileType = sourcecode.c.h; path = blobbox.h; sourceTree = "<group>"; };
		038F44C318AF73C200B2878F /* blobs.h */ = {isa = PBXFileReference; fileEncoding = 4; lastKnownFileType = sourcecode.c.h; path = blobs.h; sourceTree = "<group>"; };
		038F44C418AF73C200B2878F /* blread.h */ = {isa = PBXFileReference; fileEncoding = 4; lastKnownFileType = sourcecode.c.h; path = blread.h; sourceTree = "<group>"; };
		038F44C518AF73C200B2878F /* boxread.h */ = {isa = PBXFileReference; fileEncoding = 4; lastKnownFileType = sourcecode.c.h; path = boxread.h; sourceTree = "<group>"; };
		038F44C618AF73C200B2878F /* boxword.h */ = {isa = PBXFileReference; fileEncoding = 4; lastKnownFileType = sourcecode.c.h; path = boxword.h; sourceTree = "<group>"; };
		038F44C718AF73C200B2878F /* capi.h */ = {isa = PBXFileReference; fileEncoding = 4; lastKnownFileType = sourcecode.c.h; path = capi.h; sourceTree = "<group>"; };
		038F44C818AF73C200B2878F /* ccstruct.h */ = {isa = PBXFileReference; fileEncoding = 4; lastKnownFileType = sourcecode.c.h; path = ccstruct.h; sourceTree = "<group>"; };
		038F44C918AF73C200B2878F /* ccutil.h */ = {isa = PBXFileReference; fileEncoding = 4; lastKnownFileType = sourcecode.c.h; path = ccutil.h; sourceTree = "<group>"; };
		038F44CA18AF73C200B2878F /* clst.h */ = {isa = PBXFileReference; fileEncoding = 4; lastKnownFileType = sourcecode.c.h; path = clst.h; sourceTree = "<group>"; };
		038F44CB18AF73C200B2878F /* control.h */ = {isa = PBXFileReference; fileEncoding = 4; lastKnownFileType = sourcecode.c.h; path = control.h; sourceTree = "<group>"; };
		038F44CC18AF73C200B2878F /* coutln.h */ = {isa = PBXFileReference; fileEncoding = 4; lastKnownFileType = sourcecode.c.h; path = coutln.h; sourceTree = "<group>"; };
		038F44CD18AF73C200B2878F /* crakedge.h */ = {isa = PBXFileReference; fileEncoding = 4; lastKnownFileType = sourcecode.c.h; path = crakedge.h; sourceTree = "<group>"; };
		038F44CE18AF73C200B2878F /* cube_reco_context.h */ = {isa = PBXFileReference; fileEncoding = 4; lastKnownFileType = sourcecode.c.h; path = cube_reco_context.h; sourceTree = "<group>"; };
		038F44CF18AF73C200B2878F /* cubeclassifier.h */ = {isa = PBXFileReference; fileEncoding = 4; lastKnownFileType = sourcecode.c.h; path = cubeclassifier.h; sourceTree = "<group>"; };
		038F44D018AF73C200B2878F /* detlinefit.h */ = {isa = PBXFileReference; fileEncoding = 4; lastKnownFileType = sourcecode.c.h; path = detlinefit.h; sourceTree = "<group>"; };
		038F44D118AF73C200B2878F /* docqual.h */ = {isa = PBXFileReference; fileEncoding = 4; lastKnownFileType = sourcecode.c.h; path = docqual.h; sourceTree = "<group>"; };
		038F44D218AF73C200B2878F /* dppoint.h */ = {isa = PBXFileReference; fileEncoding = 4; lastKnownFileType = sourcecode.c.h; path = dppoint.h; sourceTree = "<group>"; };
		038F44D318AF73C200B2878F /* elst.h */ = {isa = PBXFileReference; fileEncoding = 4; lastKnownFileType = sourcecode.c.h; path = elst.h; sourceTree = "<group>"; };
		038F44D418AF73C200B2878F /* elst2.h */ = {isa = PBXFileReference; fileEncoding = 4; lastKnownFileType = sourcecode.c.h; path = elst2.h; sourceTree = "<group>"; };
		038F44D518AF73C200B2878F /* equationdetect.h */ = {isa = PBXFileReference; fileEncoding = 4; lastKnownFileType = sourcecode.c.h; path = equationdetect.h; sourceTree = "<group>"; };
		038F44D618AF73C200B2878F /* errcode.h */ = {isa = PBXFileReference; fileEncoding = 4; lastKnownFileType = sourcecode.c.h; path = errcode.h; sourceTree = "<group>"; };
		038F44D718AF73C200B2878F /* fileerr.h */ = {isa = PBXFileReference; fileEncoding = 4; lastKnownFileType = sourcecode.c.h; path = fileerr.h; sourceTree = "<group>"; };
		038F44D818AF73C200B2878F /* fixspace.h */ = {isa = PBXFileReference; fileEncoding = 4; lastKnownFileType = sourcecode.c.h; path = fixspace.h; sourceTree = "<group>"; };
		038F44D918AF73C200B2878F /* fontinfo.h */ = {isa = PBXFileReference; fileEncoding = 4; lastKnownFileType = sourcecode.c.h; path = fontinfo.h; sourceTree = "<group>"; };
		038F44DA18AF73C200B2878F /* genblob.h */ = {isa = PBXFileReference; fileEncoding = 4; lastKnownFileType = sourcecode.c.h; path = genblob.h; sourceTree = "<group>"; };
		038F44DB18AF73C200B2878F /* genericvector.h */ = {isa = PBXFileReference; fileEncoding = 4; lastKnownFileType = sourcecode.c.h; path = genericvector.h; sourceTree = "<group>"; };
		038F44DC18AF73C200B2878F /* globaloc.h */ = {isa = PBXFileReference; fileEncoding = 4; lastKnownFileType = sourcecode.c.h; path = globaloc.h; sourceTree = "<group>"; };
		038F44DD18AF73C200B2878F /* hashfn.h */ = {isa = PBXFileReference; fileEncoding = 4; lastKnownFileType = sourcecode.c.h; path = hashfn.h; sourceTree = "<group>"; };
		038F44DE18AF73C200B2878F /* helpers.h */ = {isa = PBXFileReference; fileEncoding = 4; lastKnownFileType = sourcecode.c.h; path = helpers.h; sourceTree = "<group>"; };
		038F44DF18AF73C200B2878F /* host.h */ = {isa = PBXFileReference; fileEncoding = 4; lastKnownFileType = sourcecode.c.h; path = host.h; sourceTree = "<group>"; };
		038F44E018AF73C200B2878F /* hosthplb.h */ = {isa = PBXFileReference; fileEncoding = 4; lastKnownFileType = sourcecode.c.h; path = hosthplb.h; sourceTree = "<group>"; };
		038F44E118AF73C200B2878F /* hpddef.h */ = {isa = PBXFileReference; fileEncoding = 4; lastKnownFileType = sourcecode.c.h; path = hpddef.h; sourceTree = "<group>"; };
		038F44E218AF73C200B2878F /* hpdsizes.h */ = {isa = PBXFileReference; fileEncoding = 4; lastKnownFileType = sourcecode.c.h; path = hpdsizes.h; sourceTree = "<group>"; };
		038F44E318AF73C200B2878F /* imgscale.h */ = {isa = PBXFileReference; fileEncoding = 4; lastKnownFileType = sourcecode.c.h; path = imgscale.h; sourceTree = "<group>"; };
		038F44E418AF73C200B2878F /* indexmapbidi.h */ = {isa = PBXFileReference; fileEncoding = 4; lastKnownFileType = sourcecode.c.h; path = indexmapbidi.h; sourceTree = "<group>"; };
		038F44E518AF73C200B2878F /* ipoints.h */ = {isa = PBXFileReference; fileEncoding = 4; lastKnownFileType = sourcecode.c.h; path = ipoints.h; sourceTree = "<group>"; };
		038F44E618AF73C200B2878F /* linlsq.h */ = {isa = PBXFileReference; fileEncoding = 4; lastKnownFileType = sourcecode.c.h; path = linlsq.h; sourceTree = "<group>"; };
		038F44E718AF73C200B2878F /* lsterr.h */ = {isa = PBXFileReference; fileEncoding = 4; lastKnownFileType = sourcecode.c.h; path = lsterr.h; sourceTree = "<group>"; };
		038F44E818AF73C200B2878F /* ltrresultiterator.h */ = {isa = PBXFileReference; fileEncoding = 4; lastKnownFileType = sourcecode.c.h; path = ltrresultiterator.h; sourceTree = "<group>"; };
		038F44E918AF73C200B2878F /* matrix.h */ = {isa = PBXFileReference; fileEncoding = 4; lastKnownFileType = sourcecode.c.h; path = matrix.h; sourceTree = "<group>"; };
		038F44EA18AF73C200B2878F /* memry.h */ = {isa = PBXFileReference; fileEncoding = 4; lastKnownFileType = sourcecode.c.h; path = memry.h; sourceTree = "<group>"; };
		038F44EB18AF73C200B2878F /* mfcpch.h */ = {isa = PBXFileReference; fileEncoding = 4; lastKnownFileType = sourcecode.c.h; path = mfcpch.h; sourceTree = "<group>"; };
		038F44EC18AF73C200B2878F /* mod128.h */ = {isa = PBXFileReference; fileEncoding = 4; lastKnownFileType = sourcecode.c.h; path = mod128.h; sourceTree = "<group>"; };
		038F44ED18AF73C200B2878F /* mutableiterator.h */ = {isa = PBXFileReference; fileEncoding = 4; lastKnownFileType = sourcecode.c.h; path = mutableiterator.h; sourceTree = "<group>"; };
		038F44EE18AF73C200B2878F /* ndminx.h */ = {isa = PBXFileReference; fileEncoding = 4; lastKnownFileType = sourcecode.c.h; path = ndminx.h; sourceTree = "<group>"; };
		038F44EF18AF73C200B2878F /* normalis.h */ = {isa = PBXFileReference; fileEncoding = 4; lastKnownFileType = sourcecode.c.h; path = normalis.h; sourceTree = "<group>"; };
		038F44F018AF73C200B2878F /* notdll.h */ = {isa = PBXFileReference; fileEncoding = 4; lastKnownFileType = sourcecode.c.h; path = notdll.h; sourceTree = "<group>"; };
		038F44F118AF73C200B2878F /* nwmain.h */ = {isa = PBXFileReference; fileEncoding = 4; lastKnownFileType = sourcecode.c.h; path = nwmain.h; sourceTree = "<group>"; };
		038F44F218AF73C200B2878F /* ocrblock.h */ = {isa = PBXFileReference; fileEncoding = 4; lastKnownFileType = sourcecode.c.h; path = ocrblock.h; sourceTree = "<group>"; };
		038F44F318AF73C200B2878F /* ocrclass.h */ = {isa = PBXFileReference; fileEncoding = 4; lastKnownFileType = sourcecode.c.h; path = ocrclass.h; sourceTree = "<group>"; };
		038F44F418AF73C200B2878F /* ocrpara.h */ = {isa = PBXFileReference; fileEncoding = 4; lastKnownFileType = sourcecode.c.h; path = ocrpara.h; sourceTree = "<group>"; };
		038F44F518AF73C200B2878F /* ocrrow.h */ = {isa = PBXFileReference; fileEncoding = 4; lastKnownFileType = sourcecode.c.h; path = ocrrow.h; sourceTree = "<group>"; };
		038F44F618AF73C200B2878F /* osdetect.h */ = {isa = PBXFileReference; fileEncoding = 4; lastKnownFileType = sourcecode.c.h; path = osdetect.h; sourceTree = "<group>"; };
		038F44F718AF73C200B2878F /* otsuthr.h */ = {isa = PBXFileReference; fileEncoding = 4; lastKnownFileType = sourcecode.c.h; path = otsuthr.h; sourceTree = "<group>"; };
		038F44F818AF73C200B2878F /* output.h */ = {isa = PBXFileReference; fileEncoding = 4; lastKnownFileType = sourcecode.c.h; path = output.h; sourceTree = "<group>"; };
		038F44F918AF73C200B2878F /* pageiterator.h */ = {isa = PBXFileReference; fileEncoding = 4; lastKnownFileType = sourcecode.c.h; path = pageiterator.h; sourceTree = "<group>"; };
		038F44FA18AF73C200B2878F /* pageres.h */ = {isa = PBXFileReference; fileEncoding = 4; lastKnownFileType = sourcecode.c.h; path = pageres.h; sourceTree = "<group>"; };
		038F44FB18AF73C200B2878F /* paragraphs.h */ = {isa = PBXFileReference; fileEncoding = 4; lastKnownFileType = sourcecode.c.h; path = paragraphs.h; sourceTree = "<group>"; };
		038F44FC18AF73C200B2878F /* paragraphs_internal.h */ = {isa = PBXFileReference; fileEncoding = 4; lastKnownFileType = sourcecode.c.h; path = paragraphs_internal.h; sourceTree = "<group>"; };
		038F44FD18AF73C200B2878F /* params.h */ = {isa = PBXFileReference; fileEncoding = 4; lastKnownFileType = sourcecode.c.h; path = params.h; sourceTree = "<group>"; };
		038F44FE18AF73C200B2878F /* params_training_featdef.h */ = {isa = PBXFileReference; fileEncoding = 4; lastKnownFileType = sourcecode.c.h; path = params_training_featdef.h; sourceTree = "<group>"; };
		038F44FF18AF73C200B2878F /* paramsd.h */ = {isa = PBXFileReference; fileEncoding = 4; lastKnownFileType = sourcecode.c.h; path = paramsd.h; sourceTree = "<group>"; };
		038F450018AF73C200B2878F /* pdblock.h */ = {isa = PBXFileReference; fileEncoding = 4; lastKnownFileType = sourcecode.c.h; path = pdblock.h; sourceTree = "<group>"; };
		038F450118AF73C200B2878F /* pgedit.h */ = {isa = PBXFileReference; fileEncoding = 4; lastKnownFileType = sourcecode.c.h; path = pgedit.h; sourceTree = "<group>"; };
		038F450218AF73C200B2878F /* platform.h */ = {isa = PBXFileReference; fileEncoding = 4; lastKnownFileType = sourcecode.c.h; path = platform.h; sourceTree = "<group>"; };
		038F450318AF73C200B2878F /* points.h */ = {isa = PBXFileReference; fileEncoding = 4; lastKnownFileType = sourcecode.c.h; path = points.h; sourceTree = "<group>"; };
		038F450418AF73C200B2878F /* polyaprx.h */ = {isa = PBXFileReference; fileEncoding = 4; lastKnownFileType = sourcecode.c.h; path = polyaprx.h; sourceTree = "<group>"; };
		038F450518AF73C200B2878F /* polyblk.h */ = {isa = PBXFileReference; fileEncoding = 4; lastKnownFileType = sourcecode.c.h; path = polyblk.h; sourceTree = "<group>"; };
		038F450618AF73C200B2878F /* publictypes.h */ = {isa = PBXFileReference; fileEncoding = 4; lastKnownFileType = sourcecode.c.h; path = publictypes.h; sourceTree = "<group>"; };
		038F450718AF73C200B2878F /* qrsequence.h */ = {isa = PBXFileReference; fileEncoding = 4; lastKnownFileType = sourcecode.c.h; path = qrsequence.h; sourceTree = "<group>"; };
		038F450818AF73C200B2878F /* quadlsq.h */ = {isa = PBXFileReference; fileEncoding = 4; lastKnownFileType = sourcecode.c.h; path = quadlsq.h; sourceTree = "<group>"; };
		038F450918AF73C200B2878F /* quadratc.h */ = {isa = PBXFileReference; fileEncoding = 4; lastKnownFileType = sourcecode.c.h; path = quadratc.h; sourceTree = "<group>"; };
		038F450A18AF73C200B2878F /* quspline.h */ = {isa = PBXFileReference; fileEncoding = 4; lastKnownFileType = sourcecode.c.h; path = quspline.h; sourceTree = "<group>"; };
		038F450B18AF73C200B2878F /* ratngs.h */ = {isa = PBXFileReference; fileEncoding = 4; lastKnownFileType = sourcecode.c.h; path = ratngs.h; sourceTree = "<group>"; };
		038F450C18AF73C200B2878F /* rect.h */ = {isa = PBXFileReference; fileEncoding = 4; lastKnownFileType = sourcecode.c.h; path = rect.h; sourceTree = "<group>"; };
		038F450D18AF73C200B2878F /* rejctmap.h */ = {isa = PBXFileReference; fileEncoding = 4; lastKnownFileType = sourcecode.c.h; path = rejctmap.h; sourceTree = "<group>"; };
		038F450E18AF73C200B2878F /* reject.h */ = {isa = PBXFileReference; fileEncoding = 4; lastKnownFileType = sourcecode.c.h; path = reject.h; sourceTree = "<group>"; };
		038F450F18AF73C200B2878F /* resultiterator.h */ = {isa = PBXFileReference; fileEncoding = 4; lastKnownFileType = sourcecode.c.h; path = resultiterator.h; sourceTree = "<group>"; };
		038F451018AF73C200B2878F /* scaleimg.h */ = {isa = PBXFileReference; fileEncoding = 4; lastKnownFileType = sourcecode.c.h; path = scaleimg.h; sourceTree = "<group>"; };
		038F451118AF73C200B2878F /* scanutils.h */ = {isa = PBXFileReference; fileEncoding = 4; lastKnownFileType = sourcecode.c.h; path = scanutils.h; sourceTree = "<group>"; };
		038F451218AF73C200B2878F /* seam.h */ = {isa = PBXFileReference; fileEncoding = 4; lastKnownFileType = sourcecode.c.h; path = seam.h; sourceTree = "<group>"; };
		038F451318AF73C200B2878F /* secname.h */ = {isa = PBXFileReference; fileEncoding = 4; lastKnownFileType = sourcecode.c.h; path = secname.h; sourceTree = "<group>"; };
		038F451418AF73C200B2878F /* serialis.h */ = {isa = PBXFileReference; fileEncoding = 4; lastKnownFileType = sourcecode.c.h; path = serialis.h; sourceTree = "<group>"; };
		038F451518AF73C200B2878F /* sorthelper.h */ = {isa = PBXFileReference; fileEncoding = 4; lastKnownFileType = sourcecode.c.h; path = sorthelper.h; sourceTree = "<group>"; };
		038F451618AF73C200B2878F /* split.h */ = {isa = PBXFileReference; fileEncoding = 4; lastKnownFileType = sourcecode.c.h; path = split.h; sourceTree = "<group>"; };
		038F451718AF73C200B2878F /* statistc.h */ = {isa = PBXFileReference; fileEncoding = 4; lastKnownFileType = sourcecode.c.h; path = statistc.h; sourceTree = "<group>"; };
		038F451818AF73C200B2878F /* stderr.h */ = {isa = PBXFileReference; fileEncoding = 4; lastKnownFileType = sourcecode.c.h; path = stderr.h; sourceTree = "<group>"; };
		038F451918AF73C200B2878F /* stepblob.h */ = {isa = PBXFileReference; fileEncoding = 4; lastKnownFileType = sourcecode.c.h; path = stepblob.h; sourceTree = "<group>"; };
		038F451A18AF73C200B2878F /* strngs.h */ = {isa = PBXFileReference; fileEncoding = 4; lastKnownFileType = sourcecode.c.h; path = strngs.h; sourceTree = "<group>"; };
		038F451B18AF73C200B2878F /* tessbox.h */ = {isa = PBXFileReference; fileEncoding = 4; lastKnownFileType = sourcecode.c.h; path = tessbox.h; sourceTree = "<group>"; };
		038F451C18AF73C200B2878F /* tesscallback.h */ = {isa = PBXFileReference; fileEncoding = 4; lastKnownFileType = sourcecode.c.h; path = tesscallback.h; sourceTree = "<group>"; };
		038F451D18AF73C200B2878F /* tessdatamanager.h */ = {isa = PBXFileReference; fileEncoding = 4; lastKnownFileType = sourcecode.c.h; path = tessdatamanager.h; sourceTree = "<group>"; };
		038F451E18AF73C200B2878F /* tessedit.h */ = {isa = PBXFileReference; fileEncoding = 4; lastKnownFileType = sourcecode.c.h; path = tessedit.h; sourceTree = "<group>"; };
		038F451F18AF73C200B2878F /* tesseract_cube_combiner.h */ = {isa = PBXFileReference; fileEncoding = 4; lastKnownFileType = sourcecode.c.h; path = tesseract_cube_combiner.h; sourceTree = "<group>"; };
		038F452018AF73C200B2878F /* tesseractclass.h */ = {isa = PBXFileReference; fileEncoding = 4; lastKnownFileType = sourcecode.c.h; path = tesseractclass.h; sourceTree = "<group>"; };
		038F452118AF73C200B2878F /* tesseractmain.h */ = {isa = PBXFileReference; fileEncoding = 4; lastKnownFileType = sourcecode.c.h; path = tesseractmain.h; sourceTree = "<group>"; };
		038F452218AF73C200B2878F /* tessvars.h */ = {isa = PBXFileReference; fileEncoding = 4; lastKnownFileType = sourcecode.c.h; path = tessvars.h; sourceTree = "<group>"; };
		038F452318AF73C200B2878F /* tfacep.h */ = {isa = PBXFileReference; fileEncoding = 4; lastKnownFileType = sourcecode.c.h; path = tfacep.h; sourceTree = "<group>"; };
		038F452418AF73C200B2878F /* tfacepp.h */ = {isa = PBXFileReference; fileEncoding = 4; lastKnownFileType = sourcecode.c.h; path = tfacepp.h; sourceTree = "<group>"; };
		038F452518AF73C200B2878F /* thresholder.h */ = {isa = PBXFileReference; fileEncoding = 4; lastKnownFileType = sourcecode.c.h; path = thresholder.h; sourceTree = "<group>"; };
		038F452618AF73C200B2878F /* tprintf.h */ = {isa = PBXFileReference; fileEncoding = 4; lastKnownFileType = sourcecode.c.h; path = tprintf.h; sourceTree = "<group>"; };
		038F452718AF73C200B2878F /* unichar.h */ = {isa = PBXFileReference; fileEncoding = 4; lastKnownFileType = sourcecode.c.h; path = unichar.h; sourceTree = "<group>"; };
		038F452818AF73C200B2878F /* unicharmap.h */ = {isa = PBXFileReference; fileEncoding = 4; lastKnownFileType = sourcecode.c.h; path = unicharmap.h; sourceTree = "<group>"; };
		038F452918AF73C200B2878F /* unicharset.h */ = {isa = PBXFileReference; fileEncoding = 4; lastKnownFileType = sourcecode.c.h; path = unicharset.h; sourceTree = "<group>"; };
		038F452A18AF73C200B2878F /* unicity_table.h */ = {isa = PBXFileReference; fileEncoding = 4; lastKnownFileType = sourcecode.c.h; path = unicity_table.h; sourceTree = "<group>"; };
		038F452B18AF73C200B2878F /* unicodes.h */ = {isa = PBXFileReference; fileEncoding = 4; lastKnownFileType = sourcecode.c.h; path = unicodes.h; sourceTree = "<group>"; };
		038F452C18AF73C200B2878F /* vecfuncs.h */ = {isa = PBXFileReference; fileEncoding = 4; lastKnownFileType = sourcecode.c.h; path = vecfuncs.h; sourceTree = "<group>"; };
		038F452D18AF73C200B2878F /* werd.h */ = {isa = PBXFileReference; fileEncoding = 4; lastKnownFileType = sourcecode.c.h; path = werd.h; sourceTree = "<group>"; };
		038F452E18AF73C200B2878F /* werdit.h */ = {isa = PBXFileReference; fileEncoding = 4; lastKnownFileType = sourcecode.c.h; path = werdit.h; sourceTree = "<group>"; };
		038F453018AF73C200B2878F /* liblept.a */ = {isa = PBXFileReference; lastKnownFileType = archive.ar; path = liblept.a; sourceTree = "<group>"; };
		038F453118AF73C200B2878F /* libtesseract_all.a */ = {isa = PBXFileReference; lastKnownFileType = archive.ar; path = libtesseract_all.a; sourceTree = "<group>"; };
		038F453218AF73C200B2878F /* README.md */ = {isa = PBXFileReference; fileEncoding = 4; lastKnownFileType = text; path = README.md; sourceTree = "<group>"; };
		038F453518AF73C200B2878F /* Tesseract.h */ = {isa = PBXFileReference; fileEncoding = 4; lastKnownFileType = sourcecode.c.h; path = Tesseract.h; sourceTree = "<group>"; };
		038F453618AF73C200B2878F /* Tesseract.mm */ = {isa = PBXFileReference; fileEncoding = 4; lastKnownFileType = sourcecode.cpp.objcpp; path = Tesseract.mm; sourceTree = "<group>"; };
		038F453718AF73C200B2878F /* LICENSE */ = {isa = PBXFileReference; fileEncoding = 4; lastKnownFileType = text; path = LICENSE; sourceTree = "<group>"; };
		038F453818AF73C200B2878F /* README.md */ = {isa = PBXFileReference; fileEncoding = 4; lastKnownFileType = text; path = README.md; sourceTree = "<group>"; };
		038F454218AF757800B2878F /* photo-capture.png */ = {isa = PBXFileReference; lastKnownFileType = image.png; path = "photo-capture.png"; sourceTree = "<group>"; };
		03A02F2A18AF7AF400FCCAA5 /* QuartzCore.framework */ = {isa = PBXFileReference; lastKnownFileType = wrapper.framework; name = QuartzCore.framework; path = System/Library/Frameworks/QuartzCore.framework; sourceTree = SDKROOT; };
		03C94E9218AF5799007AFC0E /* SDWebImage.framework */ = {isa = PBXFileReference; lastKnownFileType = wrapper.framework; path = SDWebImage.framework; sourceTree = "<group>"; };
		03C94E9418AF57C3007AFC0E /* ImageIO.framework */ = {isa = PBXFileReference; lastKnownFileType = wrapper.framework; name = ImageIO.framework; path = System/Library/Frameworks/ImageIO.framework; sourceTree = SDKROOT; };
		588E2D5E18AF64DF00108480 /* button.png */ = {isa = PBXFileReference; lastKnownFileType = image.png; name = button.png; path = ../button.png; sourceTree = "<group>"; };
		588E2D5F18AF64DF00108480 /* login.html */ = {isa = PBXFileReference; fileEncoding = 4; lastKnownFileType = text.html; name = login.html; path = ../login.html; sourceTree = "<group>"; };
		588E2D6018AF64DF00108480 /* login.jpg */ = {isa = PBXFileReference; lastKnownFileType = image.jpeg; name = login.jpg; path = ../login.jpg; sourceTree = "<group>"; };
		588E2D6518AF696F00108480 /* AVFoundation.framework */ = {isa = PBXFileReference; lastKnownFileType = wrapper.framework; name = AVFoundation.framework; path = System/Library/Frameworks/AVFoundation.framework; sourceTree = SDKROOT; };
		588E2D6718AF7F4F00108480 /* tessdata */ = {isa = PBXFileReference; lastKnownFileType = folder; path = tessdata; sourceTree = SOURCE_ROOT; };
		588E2D6918AF926900108480 /* image_sample.jpg */ = {isa = PBXFileReference; lastKnownFileType = image.jpeg; path = image_sample.jpg; sourceTree = "<group>"; };
		588E2D6B18AF95B900108480 /* image_2.png */ = {isa = PBXFileReference; lastKnownFileType = image.png; path = image_2.png; sourceTree = "<group>"; };
		588E2D6D18AFA10D00108480 /* photo.PNG */ = {isa = PBXFileReference; lastKnownFileType = image.png; path = photo.PNG; sourceTree = "<group>"; };
/* End PBXFileReference section */

/* Begin PBXFrameworksBuildPhase section */
		036E810F18AF05860041C37F /* Frameworks */ = {
			isa = PBXFrameworksBuildPhase;
			buildActionMask = 2147483647;
			files = (
				03A02F2B18AF7AF400FCCAA5 /* QuartzCore.framework in Frameworks */,
				038F453A18AF73C200B2878F /* liblept.a in Frameworks */,
				588E2D6618AF696F00108480 /* AVFoundation.framework in Frameworks */,
				588E2BCE18AF5E8E00108480 /* SDWebImage.framework in Frameworks */,
				03C94E9518AF57C3007AFC0E /* ImageIO.framework in Frameworks */,
				036E811818AF05860041C37F /* CoreGraphics.framework in Frameworks */,
				036E811A18AF05860041C37F /* UIKit.framework in Frameworks */,
				038F453B18AF73C200B2878F /* libtesseract_all.a in Frameworks */,
				036E811618AF05860041C37F /* Foundation.framework in Frameworks */,
			);
			runOnlyForDeploymentPostprocessing = 0;
		};
		036E813018AF05870041C37F /* Frameworks */ = {
			isa = PBXFrameworksBuildPhase;
			buildActionMask = 2147483647;
			files = (
				036E813518AF05870041C37F /* XCTest.framework in Frameworks */,
				036E813718AF05870041C37F /* UIKit.framework in Frameworks */,
				036E813618AF05870041C37F /* Foundation.framework in Frameworks */,
			);
			runOnlyForDeploymentPostprocessing = 0;
		};
/* End PBXFrameworksBuildPhase section */

/* Begin PBXGroup section */
		036E810918AF05860041C37F = {
			isa = PBXGroup;
			children = (
				036E811B18AF05860041C37F /* Divvly */,
				036E813A18AF05870041C37F /* DivvlyTests */,
				036E811418AF05860041C37F /* Frameworks */,
				036E811318AF05860041C37F /* Products */,
			);
			sourceTree = "<group>";
		};
		036E811318AF05860041C37F /* Products */ = {
			isa = PBXGroup;
			children = (
				036E811218AF05860041C37F /* Divvly.app */,
				036E813318AF05870041C37F /* DivvlyTests.xctest */,
			);
			name = Products;
			sourceTree = "<group>";
		};
		036E811418AF05860041C37F /* Frameworks */ = {
			isa = PBXGroup;
			children = (
				03A02F2A18AF7AF400FCCAA5 /* QuartzCore.framework */,
				588E2D6518AF696F00108480 /* AVFoundation.framework */,
				03C94E9418AF57C3007AFC0E /* ImageIO.framework */,
				03C94E9218AF5799007AFC0E /* SDWebImage.framework */,
				036E811518AF05860041C37F /* Foundation.framework */,
				036E811718AF05860041C37F /* CoreGraphics.framework */,
				036E811918AF05860041C37F /* UIKit.framework */,
				036E813418AF05870041C37F /* XCTest.framework */,
			);
			name = Frameworks;
			sourceTree = "<group>";
		};
		036E811B18AF05860041C37F /* Divvly */ = {
			isa = PBXGroup;
			children = (
				588E2D6D18AFA10D00108480 /* photo.PNG */,
				588E2D6918AF926900108480 /* image_sample.jpg */,
				036E812418AF05860041C37F /* DIVAppDelegate.h */,
				588E2D6B18AF95B900108480 /* image_2.png */,
				036E812518AF05860041C37F /* DIVAppDelegate.m */,
				036E812718AF05860041C37F /* Main.storyboard */,
				0320524D18AF3AB8009BB045 /* DIVLoginViewController.h */,
				0320524E18AF3AB8009BB045 /* DIVLoginViewController.m */,
				0320525018AF3E7A009BB045 /* DIVCameraViewController.h */,
				0320525118AF3E7A009BB045 /* DIVCameraViewController.m */,
				036E812D18AF05870041C37F /* Images.xcassets */,
				588E2D6418AF66E200108480 /* Tesseract */,
				036E814D18AF059B0041C37F /* Integration Files */,
				036E811C18AF05860041C37F /* Supporting Files */,
			);
			path = Divvly;
			sourceTree = "<group>";
		};
		036E811C18AF05860041C37F /* Supporting Files */ = {
			isa = PBXGroup;
			children = (
				038F454218AF757800B2878F /* photo-capture.png */,
				588E2D5E18AF64DF00108480 /* button.png */,
				588E2D5F18AF64DF00108480 /* login.html */,
				588E2D6018AF64DF00108480 /* login.jpg */,
				036E811D18AF05860041C37F /* Divvly-Info.plist */,
				036E811E18AF05860041C37F /* InfoPlist.strings */,
				036E812118AF05860041C37F /* main.m */,
				036E812318AF05860041C37F /* Divvly-Prefix.pch */,
			);
			name = "Supporting Files";
			sourceTree = "<group>";
		};
		036E813A18AF05870041C37F /* DivvlyTests */ = {
			isa = PBXGroup;
			children = (
				036E814018AF05870041C37F /* DivvlyTests.m */,
				036E813B18AF05870041C37F /* Supporting Files */,
			);
			path = DivvlyTests;
			sourceTree = "<group>";
		};
		036E813B18AF05870041C37F /* Supporting Files */ = {
			isa = PBXGroup;
			children = (
				036E813C18AF05870041C37F /* DivvlyTests-Info.plist */,
				036E813D18AF05870041C37F /* InfoPlist.strings */,
			);
			name = "Supporting Files";
			sourceTree = "<group>";
		};
		036E814D18AF059B0041C37F /* Integration Files */ = {
			isa = PBXGroup;
			children = (
				036E814A18AF05930041C37F /* DIVVenmoIntegration.h */,
				036E814B18AF05930041C37F /* DIVVenmoIntegration.m */,
			);
			name = "Integration Files";
			sourceTree = "<group>";
		};
		038F449B18AF73C200B2878F /* tesseract-ios-lib */ = {
			isa = PBXGroup;
			children = (
				038F449C18AF73C200B2878F /* .gitignore */,
				038F449D18AF73C200B2878F /* include */,
				038F452F18AF73C200B2878F /* lib */,
				038F453218AF73C200B2878F /* README.md */,
			);
			path = "tesseract-ios-lib";
			sourceTree = "<group>";
		};
		038F449D18AF73C200B2878F /* include */ = {
			isa = PBXGroup;
			children = (
				038F449E18AF73C200B2878F /* leptonica */,
				038F44BA18AF73C200B2878F /* tesseract */,
			);
			path = include;
			sourceTree = "<group>";
		};
		038F449E18AF73C200B2878F /* leptonica */ = {
			isa = PBXGroup;
			children = (
				038F449F18AF73C200B2878F /* allheaders.h */,
				038F44A018AF73C200B2878F /* alltypes.h */,
				038F44A118AF73C200B2878F /* array.h */,
				038F44A218AF73C200B2878F /* arrayaccess.h */,
				038F44A318AF73C200B2878F /* bbuffer.h */,
				038F44A418AF73C200B2878F /* bmf.h */,
				038F44A518AF73C200B2878F /* bmp.h */,
				038F44A618AF73C200B2878F /* ccbord.h */,
				038F44A718AF73C200B2878F /* dewarp.h */,
				038F44A818AF73C200B2878F /* endianness.h */,
				038F44A918AF73C200B2878F /* environ.h */,
				038F44AA18AF73C200B2878F /* freetype.h */,
				038F44AB18AF73C200B2878F /* gplot.h */,
				038F44AC18AF73C200B2878F /* heap.h */,
				038F44AD18AF73C200B2878F /* imageio.h */,
				038F44AE18AF73C200B2878F /* jbclass.h */,
				038F44AF18AF73C200B2878F /* leptwin.h */,
				038F44B018AF73C200B2878F /* list.h */,
				038F44B118AF73C200B2878F /* morph.h */,
				038F44B218AF73C200B2878F /* pix.h */,
				038F44B318AF73C200B2878F /* ptra.h */,
				038F44B418AF73C200B2878F /* queue.h */,
				038F44B518AF73C200B2878F /* readbarcode.h */,
				038F44B618AF73C200B2878F /* regutils.h */,
				038F44B718AF73C200B2878F /* stack.h */,
				038F44B818AF73C200B2878F /* sudoku.h */,
				038F44B918AF73C200B2878F /* watershed.h */,
			);
			path = leptonica;
			sourceTree = "<group>";
		};
		038F44BA18AF73C200B2878F /* tesseract */ = {
			isa = PBXGroup;
			children = (
				038F44BB18AF73C200B2878F /* ambigs.h */,
				038F44BC18AF73C200B2878F /* apitypes.h */,
				038F44BD18AF73C200B2878F /* baseapi.h */,
				038F44BE18AF73C200B2878F /* basedir.h */,
				038F44BF18AF73C200B2878F /* bits16.h */,
				038F44C018AF73C200B2878F /* bitvector.h */,
				038F44C118AF73C200B2878F /* blckerr.h */,
				038F44C218AF73C200B2878F /* blobbox.h */,
				038F44C318AF73C200B2878F /* blobs.h */,
				038F44C418AF73C200B2878F /* blread.h */,
				038F44C518AF73C200B2878F /* boxread.h */,
				038F44C618AF73C200B2878F /* boxword.h */,
				038F44C718AF73C200B2878F /* capi.h */,
				038F44C818AF73C200B2878F /* ccstruct.h */,
				038F44C918AF73C200B2878F /* ccutil.h */,
				038F44CA18AF73C200B2878F /* clst.h */,
				038F44CB18AF73C200B2878F /* control.h */,
				038F44CC18AF73C200B2878F /* coutln.h */,
				038F44CD18AF73C200B2878F /* crakedge.h */,
				038F44CE18AF73C200B2878F /* cube_reco_context.h */,
				038F44CF18AF73C200B2878F /* cubeclassifier.h */,
				038F44D018AF73C200B2878F /* detlinefit.h */,
				038F44D118AF73C200B2878F /* docqual.h */,
				038F44D218AF73C200B2878F /* dppoint.h */,
				038F44D318AF73C200B2878F /* elst.h */,
				038F44D418AF73C200B2878F /* elst2.h */,
				038F44D518AF73C200B2878F /* equationdetect.h */,
				038F44D618AF73C200B2878F /* errcode.h */,
				038F44D718AF73C200B2878F /* fileerr.h */,
				038F44D818AF73C200B2878F /* fixspace.h */,
				038F44D918AF73C200B2878F /* fontinfo.h */,
				038F44DA18AF73C200B2878F /* genblob.h */,
				038F44DB18AF73C200B2878F /* genericvector.h */,
				038F44DC18AF73C200B2878F /* globaloc.h */,
				038F44DD18AF73C200B2878F /* hashfn.h */,
				038F44DE18AF73C200B2878F /* helpers.h */,
				038F44DF18AF73C200B2878F /* host.h */,
				038F44E018AF73C200B2878F /* hosthplb.h */,
				038F44E118AF73C200B2878F /* hpddef.h */,
				038F44E218AF73C200B2878F /* hpdsizes.h */,
				038F44E318AF73C200B2878F /* imgscale.h */,
				038F44E418AF73C200B2878F /* indexmapbidi.h */,
				038F44E518AF73C200B2878F /* ipoints.h */,
				038F44E618AF73C200B2878F /* linlsq.h */,
				038F44E718AF73C200B2878F /* lsterr.h */,
				038F44E818AF73C200B2878F /* ltrresultiterator.h */,
				038F44E918AF73C200B2878F /* matrix.h */,
				038F44EA18AF73C200B2878F /* memry.h */,
				038F44EB18AF73C200B2878F /* mfcpch.h */,
				038F44EC18AF73C200B2878F /* mod128.h */,
				038F44ED18AF73C200B2878F /* mutableiterator.h */,
				038F44EE18AF73C200B2878F /* ndminx.h */,
				038F44EF18AF73C200B2878F /* normalis.h */,
				038F44F018AF73C200B2878F /* notdll.h */,
				038F44F118AF73C200B2878F /* nwmain.h */,
				038F44F218AF73C200B2878F /* ocrblock.h */,
				038F44F318AF73C200B2878F /* ocrclass.h */,
				038F44F418AF73C200B2878F /* ocrpara.h */,
				038F44F518AF73C200B2878F /* ocrrow.h */,
				038F44F618AF73C200B2878F /* osdetect.h */,
				038F44F718AF73C200B2878F /* otsuthr.h */,
				038F44F818AF73C200B2878F /* output.h */,
				038F44F918AF73C200B2878F /* pageiterator.h */,
				038F44FA18AF73C200B2878F /* pageres.h */,
				038F44FB18AF73C200B2878F /* paragraphs.h */,
				038F44FC18AF73C200B2878F /* paragraphs_internal.h */,
				038F44FD18AF73C200B2878F /* params.h */,
				038F44FE18AF73C200B2878F /* params_training_featdef.h */,
				038F44FF18AF73C200B2878F /* paramsd.h */,
				038F450018AF73C200B2878F /* pdblock.h */,
				038F450118AF73C200B2878F /* pgedit.h */,
				038F450218AF73C200B2878F /* platform.h */,
				038F450318AF73C200B2878F /* points.h */,
				038F450418AF73C200B2878F /* polyaprx.h */,
				038F450518AF73C200B2878F /* polyblk.h */,
				038F450618AF73C200B2878F /* publictypes.h */,
				038F450718AF73C200B2878F /* qrsequence.h */,
				038F450818AF73C200B2878F /* quadlsq.h */,
				038F450918AF73C200B2878F /* quadratc.h */,
				038F450A18AF73C200B2878F /* quspline.h */,
				038F450B18AF73C200B2878F /* ratngs.h */,
				038F450C18AF73C200B2878F /* rect.h */,
				038F450D18AF73C200B2878F /* rejctmap.h */,
				038F450E18AF73C200B2878F /* reject.h */,
				038F450F18AF73C200B2878F /* resultiterator.h */,
				038F451018AF73C200B2878F /* scaleimg.h */,
				038F451118AF73C200B2878F /* scanutils.h */,
				038F451218AF73C200B2878F /* seam.h */,
				038F451318AF73C200B2878F /* secname.h */,
				038F451418AF73C200B2878F /* serialis.h */,
				038F451518AF73C200B2878F /* sorthelper.h */,
				038F451618AF73C200B2878F /* split.h */,
				038F451718AF73C200B2878F /* statistc.h */,
				038F451818AF73C200B2878F /* stderr.h */,
				038F451918AF73C200B2878F /* stepblob.h */,
				038F451A18AF73C200B2878F /* strngs.h */,
				038F451B18AF73C200B2878F /* tessbox.h */,
				038F451C18AF73C200B2878F /* tesscallback.h */,
				038F451D18AF73C200B2878F /* tessdatamanager.h */,
				038F451E18AF73C200B2878F /* tessedit.h */,
				038F451F18AF73C200B2878F /* tesseract_cube_combiner.h */,
				038F452018AF73C200B2878F /* tesseractclass.h */,
				038F452118AF73C200B2878F /* tesseractmain.h */,
				038F452218AF73C200B2878F /* tessvars.h */,
				038F452318AF73C200B2878F /* tfacep.h */,
				038F452418AF73C200B2878F /* tfacepp.h */,
				038F452518AF73C200B2878F /* thresholder.h */,
				038F452618AF73C200B2878F /* tprintf.h */,
				038F452718AF73C200B2878F /* unichar.h */,
				038F452818AF73C200B2878F /* unicharmap.h */,
				038F452918AF73C200B2878F /* unicharset.h */,
				038F452A18AF73C200B2878F /* unicity_table.h */,
				038F452B18AF73C200B2878F /* unicodes.h */,
				038F452C18AF73C200B2878F /* vecfuncs.h */,
				038F452D18AF73C200B2878F /* werd.h */,
				038F452E18AF73C200B2878F /* werdit.h */,
			);
			path = tesseract;
			sourceTree = "<group>";
		};
		038F452F18AF73C200B2878F /* lib */ = {
			isa = PBXGroup;
			children = (
				038F453018AF73C200B2878F /* liblept.a */,
				038F453118AF73C200B2878F /* libtesseract_all.a */,
			);
			path = lib;
			sourceTree = "<group>";
		};
		038F453318AF73C200B2878F /* tesseract-ios */ = {
			isa = PBXGroup;
			children = (
				038F453418AF73C200B2878F /* Classes */,
				038F453718AF73C200B2878F /* LICENSE */,
				038F453818AF73C200B2878F /* README.md */,
			);
			path = "tesseract-ios";
			sourceTree = "<group>";
		};
		038F453418AF73C200B2878F /* Classes */ = {
			isa = PBXGroup;
			children = (
				038F453518AF73C200B2878F /* Tesseract.h */,
				038F453618AF73C200B2878F /* Tesseract.mm */,
			);
			path = Classes;
			sourceTree = "<group>";
		};
		588E2D6418AF66E200108480 /* Tesseract */ = {
			isa = PBXGroup;
			children = (
				588E2D6718AF7F4F00108480 /* tessdata */,
				038F449B18AF73C200B2878F /* tesseract-ios-lib */,
				038F453318AF73C200B2878F /* tesseract-ios */,
			);
			name = Tesseract;
			sourceTree = "<group>";
		};
/* End PBXGroup section */

/* Begin PBXNativeTarget section */
		036E811118AF05860041C37F /* Divvly */ = {
			isa = PBXNativeTarget;
			buildConfigurationList = 036E814418AF05870041C37F /* Build configuration list for PBXNativeTarget "Divvly" */;
			buildPhases = (
				036E810E18AF05860041C37F /* Sources */,
				036E810F18AF05860041C37F /* Frameworks */,
				036E811018AF05860041C37F /* Resources */,
			);
			buildRules = (
			);
			dependencies = (
			);
			name = Divvly;
			productName = Divvly;
			productReference = 036E811218AF05860041C37F /* Divvly.app */;
			productType = "com.apple.product-type.application";
		};
		036E813218AF05870041C37F /* DivvlyTests */ = {
			isa = PBXNativeTarget;
			buildConfigurationList = 036E814718AF05870041C37F /* Build configuration list for PBXNativeTarget "DivvlyTests" */;
			buildPhases = (
				036E812F18AF05870041C37F /* Sources */,
				036E813018AF05870041C37F /* Frameworks */,
				036E813118AF05870041C37F /* Resources */,
			);
			buildRules = (
			);
			dependencies = (
				036E813918AF05870041C37F /* PBXTargetDependency */,
			);
			name = DivvlyTests;
			productName = DivvlyTests;
			productReference = 036E813318AF05870041C37F /* DivvlyTests.xctest */;
			productType = "com.apple.product-type.bundle.unit-test";
		};
/* End PBXNativeTarget section */

/* Begin PBXProject section */
		036E810A18AF05860041C37F /* Project object */ = {
			isa = PBXProject;
			attributes = {
				CLASSPREFIX = DIV;
				LastUpgradeCheck = 0500;
				ORGANIZATIONNAME = "Peter and Josh Ventures";
				TargetAttributes = {
					036E813218AF05870041C37F = {
						TestTargetID = 036E811118AF05860041C37F;
					};
				};
			};
			buildConfigurationList = 036E810D18AF05860041C37F /* Build configuration list for PBXProject "Divvly" */;
			compatibilityVersion = "Xcode 3.2";
			developmentRegion = English;
			hasScannedForEncodings = 0;
			knownRegions = (
				en,
				Base,
			);
			mainGroup = 036E810918AF05860041C37F;
			productRefGroup = 036E811318AF05860041C37F /* Products */;
			projectDirPath = "";
			projectRoot = "";
			targets = (
				036E811118AF05860041C37F /* Divvly */,
				036E813218AF05870041C37F /* DivvlyTests */,
			);
		};
/* End PBXProject section */

/* Begin PBXResourcesBuildPhase section */
		036E811018AF05860041C37F /* Resources */ = {
			isa = PBXResourcesBuildPhase;
			buildActionMask = 2147483647;
			files = (
				038F453918AF73C200B2878F /* .gitignore in Resources */,
				036E812E18AF05870041C37F /* Images.xcassets in Resources */,
				588E2D6C18AF95B900108480 /* image_2.png in Resources */,
				588E2D6318AF64DF00108480 /* login.jpg in Resources */,
				588E2D6118AF64DF00108480 /* button.png in Resources */,
				588E2D6E18AFA10D00108480 /* photo.PNG in Resources */,
				038F453E18AF73C200B2878F /* LICENSE in Resources */,
				588E2D6818AF7F4F00108480 /* tessdata in Resources */,
				588E2D6A18AF926900108480 /* image_sample.jpg in Resources */,
				588E2D6218AF64DF00108480 /* login.html in Resources */,
				038F454318AF757800B2878F /* photo-capture.png in Resources */,
				036E812018AF05860041C37F /* InfoPlist.strings in Resources */,
				038F453C18AF73C200B2878F /* README.md in Resources */,
				038F453F18AF73C200B2878F /* README.md in Resources */,
				036E812918AF05860041C37F /* Main.storyboard in Resources */,
			);
			runOnlyForDeploymentPostprocessing = 0;
		};
		036E813118AF05870041C37F /* Resources */ = {
			isa = PBXResourcesBuildPhase;
			buildActionMask = 2147483647;
			files = (
				036E813F18AF05870041C37F /* InfoPlist.strings in Resources */,
			);
			runOnlyForDeploymentPostprocessing = 0;
		};
/* End PBXResourcesBuildPhase section */

/* Begin PBXSourcesBuildPhase section */
		036E810E18AF05860041C37F /* Sources */ = {
			isa = PBXSourcesBuildPhase;
			buildActionMask = 2147483647;
			files = (
				0320525218AF3E7A009BB045 /* DIVCameraViewController.m in Sources */,
				036E814C18AF05930041C37F /* DIVVenmoIntegration.m in Sources */,
				038F453D18AF73C200B2878F /* Tesseract.mm in Sources */,
				036E812618AF05860041C37F /* DIVAppDelegate.m in Sources */,
				0320524F18AF3AB8009BB045 /* DIVLoginViewController.m in Sources */,
				036E812218AF05860041C37F /* main.m in Sources */,
			);
			runOnlyForDeploymentPostprocessing = 0;
		};
		036E812F18AF05870041C37F /* Sources */ = {
			isa = PBXSourcesBuildPhase;
			buildActionMask = 2147483647;
			files = (
				036E814118AF05870041C37F /* DivvlyTests.m in Sources */,
			);
			runOnlyForDeploymentPostprocessing = 0;
		};
/* End PBXSourcesBuildPhase section */

/* Begin PBXTargetDependency section */
		036E813918AF05870041C37F /* PBXTargetDependency */ = {
			isa = PBXTargetDependency;
			target = 036E811118AF05860041C37F /* Divvly */;
			targetProxy = 036E813818AF05870041C37F /* PBXContainerItemProxy */;
		};
/* End PBXTargetDependency section */

/* Begin PBXVariantGroup section */
		036E811E18AF05860041C37F /* InfoPlist.strings */ = {
			isa = PBXVariantGroup;
			children = (
				036E811F18AF05860041C37F /* en */,
			);
			name = InfoPlist.strings;
			sourceTree = "<group>";
		};
		036E812718AF05860041C37F /* Main.storyboard */ = {
			isa = PBXVariantGroup;
			children = (
				036E812818AF05860041C37F /* Base */,
			);
			name = Main.storyboard;
			sourceTree = "<group>";
		};
		036E813D18AF05870041C37F /* InfoPlist.strings */ = {
			isa = PBXVariantGroup;
			children = (
				036E813E18AF05870041C37F /* en */,
			);
			name = InfoPlist.strings;
			sourceTree = "<group>";
		};
/* End PBXVariantGroup section */

/* Begin XCBuildConfiguration section */
		036E814218AF05870041C37F /* Debug */ = {
			isa = XCBuildConfiguration;
			buildSettings = {
				ALWAYS_SEARCH_USER_PATHS = NO;
				ARCHS = "$(ARCHS_STANDARD_INCLUDING_64_BIT)";
				CLANG_CXX_LANGUAGE_STANDARD = "gnu++0x";
				CLANG_CXX_LIBRARY = "libstdc++";
				CLANG_ENABLE_MODULES = YES;
				CLANG_ENABLE_OBJC_ARC = YES;
				CLANG_WARN_BOOL_CONVERSION = YES;
				CLANG_WARN_CONSTANT_CONVERSION = YES;
				CLANG_WARN_DIRECT_OBJC_ISA_USAGE = YES_ERROR;
				CLANG_WARN_EMPTY_BODY = YES;
				CLANG_WARN_ENUM_CONVERSION = YES;
				CLANG_WARN_INT_CONVERSION = YES;
				CLANG_WARN_OBJC_ROOT_CLASS = YES_ERROR;
				CLANG_WARN__DUPLICATE_METHOD_MATCH = YES;
				"CODE_SIGN_IDENTITY[sdk=iphoneos*]" = "iPhone Developer";
				COPY_PHASE_STRIP = NO;
				GCC_C_LANGUAGE_STANDARD = gnu99;
				GCC_DYNAMIC_NO_PIC = NO;
				GCC_OPTIMIZATION_LEVEL = 0;
				GCC_PREPROCESSOR_DEFINITIONS = (
					"DEBUG=1",
					"$(inherited)",
				);
				GCC_SYMBOLS_PRIVATE_EXTERN = NO;
				GCC_WARN_64_TO_32_BIT_CONVERSION = YES;
				GCC_WARN_ABOUT_RETURN_TYPE = YES_ERROR;
				GCC_WARN_UNDECLARED_SELECTOR = YES;
				GCC_WARN_UNINITIALIZED_AUTOS = YES;
				GCC_WARN_UNUSED_FUNCTION = YES;
				GCC_WARN_UNUSED_VARIABLE = YES;
				IPHONEOS_DEPLOYMENT_TARGET = 7.0;
				ONLY_ACTIVE_ARCH = NO;
				SDKROOT = iphoneos;
				VALID_ARCHS = armv7;
			};
			name = Debug;
		};
		036E814318AF05870041C37F /* Release */ = {
			isa = XCBuildConfiguration;
			buildSettings = {
				ALWAYS_SEARCH_USER_PATHS = NO;
				ARCHS = "$(ARCHS_STANDARD_INCLUDING_64_BIT)";
				CLANG_CXX_LANGUAGE_STANDARD = "gnu++0x";
				CLANG_CXX_LIBRARY = "libstdc++";
				CLANG_ENABLE_MODULES = YES;
				CLANG_ENABLE_OBJC_ARC = YES;
				CLANG_WARN_BOOL_CONVERSION = YES;
				CLANG_WARN_CONSTANT_CONVERSION = YES;
				CLANG_WARN_DIRECT_OBJC_ISA_USAGE = YES_ERROR;
				CLANG_WARN_EMPTY_BODY = YES;
				CLANG_WARN_ENUM_CONVERSION = YES;
				CLANG_WARN_INT_CONVERSION = YES;
				CLANG_WARN_OBJC_ROOT_CLASS = YES_ERROR;
				CLANG_WARN__DUPLICATE_METHOD_MATCH = YES;
				"CODE_SIGN_IDENTITY[sdk=iphoneos*]" = "iPhone Developer";
				COPY_PHASE_STRIP = YES;
				ENABLE_NS_ASSERTIONS = NO;
				GCC_C_LANGUAGE_STANDARD = gnu99;
				GCC_WARN_64_TO_32_BIT_CONVERSION = YES;
				GCC_WARN_ABOUT_RETURN_TYPE = YES_ERROR;
				GCC_WARN_UNDECLARED_SELECTOR = YES;
				GCC_WARN_UNINITIALIZED_AUTOS = YES;
				GCC_WARN_UNUSED_FUNCTION = YES;
				GCC_WARN_UNUSED_VARIABLE = YES;
				IPHONEOS_DEPLOYMENT_TARGET = 7.0;
				SDKROOT = iphoneos;
				VALIDATE_PRODUCT = YES;
				VALID_ARCHS = armv7;
			};
			name = Release;
		};
		036E814518AF05870041C37F /* Debug */ = {
			isa = XCBuildConfiguration;
			buildSettings = {
				ASSETCATALOG_COMPILER_APPICON_NAME = AppIcon;
				ASSETCATALOG_COMPILER_LAUNCHIMAGE_NAME = LaunchImage;
				CLANG_CXX_LIBRARY = "libstdc++";
				FRAMEWORK_SEARCH_PATHS = (
					"$(inherited)",
					/Users/Josh/Desktop/PennApps/PennAppsSpring2014/PennApps2014s/iOS/Divvly,
					/Users/wolfbandit/Documents/PennApps2014s/iOS/Divvly,
				);
				GCC_PRECOMPILE_PREFIX_HEADER = YES;
				GCC_PREFIX_HEADER = "Divvly/Divvly-Prefix.pch";
				INFOPLIST_FILE = "Divvly/Divvly-Info.plist";
				LIBRARY_SEARCH_PATHS = (
					"$(inherited)",
					"/Users/wolfbandit/Documents/PennApps2014s/iOS/Divvly/tesseract-ios-lib/lib",
					"/Users/wolfbandit/Documents/PennApps2014s/iOS/Divvly/Divvly/tesseract-ios-lib/lib",
					"/Users/Josh/Desktop/PennApps/PennAppsSpring2014/PennApps2014s/iOS/Divvly/Divvly/tesseract-ios-lib/lib",
				);
				OTHER_LDFLAGS = "-ObjC";
				PRODUCT_NAME = "$(TARGET_NAME)";
				VALID_ARCHS = armv7;
				WRAPPER_EXTENSION = app;
			};
			name = Debug;
		};
		036E814618AF05870041C37F /* Release */ = {
			isa = XCBuildConfiguration;
			buildSettings = {
				ASSETCATALOG_COMPILER_APPICON_NAME = AppIcon;
				ASSETCATALOG_COMPILER_LAUNCHIMAGE_NAME = LaunchImage;
				CLANG_CXX_LIBRARY = "libstdc++";
				FRAMEWORK_SEARCH_PATHS = (
					"$(inherited)",
					/Users/Josh/Desktop/PennApps/PennAppsSpring2014/PennApps2014s/iOS/Divvly,
					/Users/wolfbandit/Documents/PennApps2014s/iOS/Divvly,
				);
				GCC_PRECOMPILE_PREFIX_HEADER = YES;
				GCC_PREFIX_HEADER = "Divvly/Divvly-Prefix.pch";
				INFOPLIST_FILE = "Divvly/Divvly-Info.plist";
				LIBRARY_SEARCH_PATHS = (
					"$(inherited)",
					"/Users/wolfbandit/Documents/PennApps2014s/iOS/Divvly/tesseract-ios-lib/lib",
					"/Users/wolfbandit/Documents/PennApps2014s/iOS/Divvly/Divvly/tesseract-ios-lib/lib",
					"/Users/Josh/Desktop/PennApps/PennAppsSpring2014/PennApps2014s/iOS/Divvly/Divvly/tesseract-ios-lib/lib",
				);
				OTHER_LDFLAGS = "-ObjC";
				PRODUCT_NAME = "$(TARGET_NAME)";
				VALID_ARCHS = armv7;
				WRAPPER_EXTENSION = app;
			};
			name = Release;
		};
		036E814818AF05870041C37F /* Debug */ = {
			isa = XCBuildConfiguration;
			buildSettings = {
				ARCHS = "$(ARCHS_STANDARD_INCLUDING_64_BIT)";
				BUNDLE_LOADER = "$(BUILT_PRODUCTS_DIR)/Divvly.app/Divvly";
				FRAMEWORK_SEARCH_PATHS = (
					"$(SDKROOT)/Developer/Library/Frameworks",
					"$(inherited)",
					"$(DEVELOPER_FRAMEWORKS_DIR)",
				);
				GCC_PRECOMPILE_PREFIX_HEADER = YES;
				GCC_PREFIX_HEADER = "Divvly/Divvly-Prefix.pch";
				GCC_PREPROCESSOR_DEFINITIONS = (
					"DEBUG=1",
					"$(inherited)",
				);
				INFOPLIST_FILE = "DivvlyTests/DivvlyTests-Info.plist";
				PRODUCT_NAME = "$(TARGET_NAME)";
				TEST_HOST = "$(BUNDLE_LOADER)";
				WRAPPER_EXTENSION = xctest;
			};
			name = Debug;
		};
		036E814918AF05870041C37F /* Release */ = {
			isa = XCBuildConfiguration;
			buildSettings = {
				ARCHS = "$(ARCHS_STANDARD_INCLUDING_64_BIT)";
				BUNDLE_LOADER = "$(BUILT_PRODUCTS_DIR)/Divvly.app/Divvly";
				FRAMEWORK_SEARCH_PATHS = (
					"$(SDKROOT)/Developer/Library/Frameworks",
					"$(inherited)",
					"$(DEVELOPER_FRAMEWORKS_DIR)",
				);
				GCC_PRECOMPILE_PREFIX_HEADER = YES;
				GCC_PREFIX_HEADER = "Divvly/Divvly-Prefix.pch";
				INFOPLIST_FILE = "DivvlyTests/DivvlyTests-Info.plist";
				PRODUCT_NAME = "$(TARGET_NAME)";
				TEST_HOST = "$(BUNDLE_LOADER)";
				WRAPPER_EXTENSION = xctest;
			};
			name = Release;
		};
/* End XCBuildConfiguration section */

/* Begin XCConfigurationList section */
		036E810D18AF05860041C37F /* Build configuration list for PBXProject "Divvly" */ = {
			isa = XCConfigurationList;
			buildConfigurations = (
				036E814218AF05870041C37F /* Debug */,
				036E814318AF05870041C37F /* Release */,
			);
			defaultConfigurationIsVisible = 0;
			defaultConfigurationName = Release;
		};
		036E814418AF05870041C37F /* Build configuration list for PBXNativeTarget "Divvly" */ = {
			isa = XCConfigurationList;
			buildConfigurations = (
				036E814518AF05870041C37F /* Debug */,
				036E814618AF05870041C37F /* Release */,
			);
			defaultConfigurationIsVisible = 0;
			defaultConfigurationName = Release;
		};
		036E814718AF05870041C37F /* Build configuration list for PBXNativeTarget "DivvlyTests" */ = {
			isa = XCConfigurationList;
			buildConfigurations = (
				036E814818AF05870041C37F /* Debug */,
				036E814918AF05870041C37F /* Release */,
			);
			defaultConfigurationIsVisible = 0;
			defaultConfigurationName = Release;
		};
/* End XCConfigurationList section */
	};
	rootObject = 036E810A18AF05860041C37F /* Project object */;
}
